// !$*UTF8*$!
{
	archiveVersion = 1;
	classes = {
	};
	objectVersion = 46;
	objects = {

/* Begin PBXBuildFile section */
		0C5B09AB5709EFB3D0233DDD /* libPods-TFCoreFoundation.a in Frameworks */ = {isa = PBXBuildFile; fileRef = 5D03EFAAF3A21FBE631A045B /* libPods-TFCoreFoundation.a */; };
		6C654EC91D79599C00757341 /* UIView+EmptyDataSet.m in Sources */ = {isa = PBXBuildFile; fileRef = 6C654EC81D79599C00757341 /* UIView+EmptyDataSet.m */; };
		6C654ECE1D795BD900757341 /* UIViewController+EmptyState.m in Sources */ = {isa = PBXBuildFile; fileRef = 6C654ECB1D795BD900757341 /* UIViewController+EmptyState.m */; };
		6C654ECF1D795BD900757341 /* UIViewController+Toast.m in Sources */ = {isa = PBXBuildFile; fileRef = 6C654ECD1D795BD900757341 /* UIViewController+Toast.m */; };
		B03ABEE41CAB5AC4004067CA /* main.m in Sources */ = {isa = PBXBuildFile; fileRef = B03ABEE31CAB5AC4004067CA /* main.m */; };
		B03ABEE71CAB5AC4004067CA /* AppDelegate.m in Sources */ = {isa = PBXBuildFile; fileRef = B03ABEE61CAB5AC4004067CA /* AppDelegate.m */; };
		B03ABEEA1CAB5AC4004067CA /* ViewController.m in Sources */ = {isa = PBXBuildFile; fileRef = B03ABEE91CAB5AC4004067CA /* ViewController.m */; };
		B03ABEED1CAB5AC4004067CA /* Main.storyboard in Resources */ = {isa = PBXBuildFile; fileRef = B03ABEEB1CAB5AC4004067CA /* Main.storyboard */; };
		B03ABEEF1CAB5AC4004067CA /* Assets.xcassets in Resources */ = {isa = PBXBuildFile; fileRef = B03ABEEE1CAB5AC4004067CA /* Assets.xcassets */; };
		B03ABEF21CAB5AC4004067CA /* LaunchScreen.storyboard in Resources */ = {isa = PBXBuildFile; fileRef = B03ABEF01CAB5AC4004067CA /* LaunchScreen.storyboard */; };
		B03ABEFD1CAB5AC4004067CA /* TFCoreFoundationTests.m in Sources */ = {isa = PBXBuildFile; fileRef = B03ABEFC1CAB5AC4004067CA /* TFCoreFoundationTests.m */; };
		B03ABF081CAB5AC4004067CA /* TFCoreFoundationUITests.m in Sources */ = {isa = PBXBuildFile; fileRef = B03ABF071CAB5AC4004067CA /* TFCoreFoundationUITests.m */; };
		B04335581CABA1CD00960551 /* NSObject+TFCore.m in Sources */ = {isa = PBXBuildFile; fileRef = B04335571CABA1CD00960551 /* NSObject+TFCore.m */; };
		B043355B1CABA47200960551 /* NSObject+TFCoreForKVO.m in Sources */ = {isa = PBXBuildFile; fileRef = B043355A1CABA47200960551 /* NSObject+TFCoreForKVO.m */; };
		B043355E1CABA51A00960551 /* NSString+TFCore.m in Sources */ = {isa = PBXBuildFile; fileRef = B043355D1CABA51A00960551 /* NSString+TFCore.m */; };
		B04335611CABA8BD00960551 /* NSNumber+TFCore.m in Sources */ = {isa = PBXBuildFile; fileRef = B04335601CABA8BD00960551 /* NSNumber+TFCore.m */; };
		B04335641CABAA5700960551 /* NSData+TFCore.m in Sources */ = {isa = PBXBuildFile; fileRef = B04335631CABAA5700960551 /* NSData+TFCore.m */; };
		B04335671CABAC2D00960551 /* UIDevice+TFCore.m in Sources */ = {isa = PBXBuildFile; fileRef = B04335661CABAC2D00960551 /* UIDevice+TFCore.m */; };
		B04335691CABB17900960551 /* libz.tbd in Frameworks */ = {isa = PBXBuildFile; fileRef = B04335681CABB17900960551 /* libz.tbd */; };
		B043356C1CABB19800960551 /* NSArray+TFCore.m in Sources */ = {isa = PBXBuildFile; fileRef = B043356B1CABB19800960551 /* NSArray+TFCore.m */; };
		B043356F1CABB36C00960551 /* NSDictionary+TFCore.m in Sources */ = {isa = PBXBuildFile; fileRef = B043356E1CABB36C00960551 /* NSDictionary+TFCore.m */; };
		B04335721CABB5B500960551 /* NSDate+TFCore.m in Sources */ = {isa = PBXBuildFile; fileRef = B04335711CABB5B500960551 /* NSDate+TFCore.m */; };
		B04335751CABB70000960551 /* NSNotificationCenter+TFCore.m in Sources */ = {isa = PBXBuildFile; fileRef = B04335741CABB70000960551 /* NSNotificationCenter+TFCore.m */; };
		B04860431CBB3E3F00DE6770 /* TFDirectionalPanGestureRecognizer.m in Sources */ = {isa = PBXBuildFile; fileRef = B04860421CBB3E3F00DE6770 /* TFDirectionalPanGestureRecognizer.m */; };
		B04860491CBB419600DE6770 /* TFViewTransitionAnimator.m in Sources */ = {isa = PBXBuildFile; fileRef = B04860481CBB419600DE6770 /* TFViewTransitionAnimator.m */; };
		B048604C1CBB471B00DE6770 /* TFAlertView.m in Sources */ = {isa = PBXBuildFile; fileRef = B048604B1CBB471B00DE6770 /* TFAlertView.m */; };
		B048604F1CBB4D3A00DE6770 /* TFStateView.m in Sources */ = {isa = PBXBuildFile; fileRef = B048604E1CBB4D3A00DE6770 /* TFStateView.m */; };
		B04860531CBB640E00DE6770 /* TFKVStorage.m in Sources */ = {isa = PBXBuildFile; fileRef = B04860521CBB640E00DE6770 /* TFKVStorage.m */; };
		B04860551CBB642400DE6770 /* libsqlite3.tbd in Frameworks */ = {isa = PBXBuildFile; fileRef = B04860541CBB642400DE6770 /* libsqlite3.tbd */; };
		B04860581CBB820C00DE6770 /* TFSplashView.m in Sources */ = {isa = PBXBuildFile; fileRef = B04860571CBB820C00DE6770 /* TFSplashView.m */; };
		B07CBA2B1CBB875D004A81F2 /* YYImage+TFCore.m in Sources */ = {isa = PBXBuildFile; fileRef = B07CBA2A1CBB875D004A81F2 /* YYImage+TFCore.m */; };
		B07CBA311CBB910B004A81F2 /* TFModel.m in Sources */ = {isa = PBXBuildFile; fileRef = B07CBA301CBB910B004A81F2 /* TFModel.m */; };
		B0D5EA2B1CBE368A00ED42F1 /* TFSwizzleMethod.m in Sources */ = {isa = PBXBuildFile; fileRef = B0D5EA2A1CBE368A00ED42F1 /* TFSwizzleMethod.m */; };
		B0D5EA2E1CBE36F100ED42F1 /* UINavigationController+TFCore.m in Sources */ = {isa = PBXBuildFile; fileRef = B0D5EA2D1CBE36F100ED42F1 /* UINavigationController+TFCore.m */; };
		B0DA37201CC5C38A000F6683 /* TFValidateUtility.m in Sources */ = {isa = PBXBuildFile; fileRef = B0DA371F1CC5C38A000F6683 /* TFValidateUtility.m */; };
		B0E82F961CB9EE0200655B66 /* UIAlertController+TFCore.m in Sources */ = {isa = PBXBuildFile; fileRef = B0E82F951CB9EE0200655B66 /* UIAlertController+TFCore.m */; };
		B0E82F991CB9EE9A00655B66 /* TFCGUtilities.m in Sources */ = {isa = PBXBuildFile; fileRef = B0E82F981CB9EE9A00655B66 /* TFCGUtilities.m */; };
		B0E82F9C1CB9EF6100655B66 /* UIApplication+TFCore.m in Sources */ = {isa = PBXBuildFile; fileRef = B0E82F9B1CB9EF6100655B66 /* UIApplication+TFCore.m */; };
		B0E82F9F1CB9EFE800655B66 /* UIView+TFCore.m in Sources */ = {isa = PBXBuildFile; fileRef = B0E82F9E1CB9EFE800655B66 /* UIView+TFCore.m */; };
		B0E82FA31CB9F15300655B66 /* TFViewController.m in Sources */ = {isa = PBXBuildFile; fileRef = B0E82FA21CB9F15300655B66 /* TFViewController.m */; };
		B0E82FA61CB9F16500655B66 /* TFTableViewController.m in Sources */ = {isa = PBXBuildFile; fileRef = B0E82FA51CB9F16500655B66 /* TFTableViewController.m */; };
		B0E82FAA1CB9F1AD00655B66 /* UIBarButtonItem+TFCore.m in Sources */ = {isa = PBXBuildFile; fileRef = B0E82FA91CB9F1AD00655B66 /* UIBarButtonItem+TFCore.m */; };
		B0E82FAD1CB9F22000655B66 /* UIBezierPath+TFCore.m in Sources */ = {isa = PBXBuildFile; fileRef = B0E82FAC1CB9F22000655B66 /* UIBezierPath+TFCore.m */; };
		B0E82FB01CB9F27E00655B66 /* UIColor+TFCore.m in Sources */ = {isa = PBXBuildFile; fileRef = B0E82FAF1CB9F27E00655B66 /* UIColor+TFCore.m */; };
		B0E82FB31CB9F3B100655B66 /* UIControl+TFCore.m in Sources */ = {isa = PBXBuildFile; fileRef = B0E82FB21CB9F3B100655B66 /* UIControl+TFCore.m */; };
		B0E82FB61CB9F42500655B66 /* UIFont+TFCore.m in Sources */ = {isa = PBXBuildFile; fileRef = B0E82FB51CB9F42500655B66 /* UIFont+TFCore.m */; };
		B0E82FB91CB9F53600655B66 /* UIGestureRecognizer+TFCore.m in Sources */ = {isa = PBXBuildFile; fileRef = B0E82FB81CB9F53600655B66 /* UIGestureRecognizer+TFCore.m */; };
		B0E82FBC1CB9F59B00655B66 /* UIImage+TFCore.m in Sources */ = {isa = PBXBuildFile; fileRef = B0E82FBB1CB9F59B00655B66 /* UIImage+TFCore.m */; };
		B0E82FBF1CB9F6D900655B66 /* UIScreen+TFCore.m in Sources */ = {isa = PBXBuildFile; fileRef = B0E82FBE1CB9F6D900655B66 /* UIScreen+TFCore.m */; };
		B0E82FC21CB9F7A600655B66 /* UIScrollView+TFCore.m in Sources */ = {isa = PBXBuildFile; fileRef = B0E82FC11CB9F7A600655B66 /* UIScrollView+TFCore.m */; };
		B0E82FC51CB9F7E200655B66 /* UITableView+TFCore.m in Sources */ = {isa = PBXBuildFile; fileRef = B0E82FC41CB9F7E200655B66 /* UITableView+TFCore.m */; };
		B0E82FC81CB9F84100655B66 /* UITextField+TFCore.m in Sources */ = {isa = PBXBuildFile; fileRef = B0E82FC71CB9F84100655B66 /* UITextField+TFCore.m */; };
		B0E82FCC1CBA1BD100655B66 /* TFStyle.m in Sources */ = {isa = PBXBuildFile; fileRef = B0E82FCB1CBA1BD100655B66 /* TFStyle.m */; };
		B0E82FCF1CBA1D6500655B66 /* TFDefaultStyle.m in Sources */ = {isa = PBXBuildFile; fileRef = B0E82FCE1CBA1D6500655B66 /* TFDefaultStyle.m */; };
		B0E82FD41CBA1DC600655B66 /* TFCoreFoundationMacro.m in Sources */ = {isa = PBXBuildFile; fileRef = B0E82FD31CBA1DC600655B66 /* TFCoreFoundationMacro.m */; };
		B0E82FD71CBA1F0300655B66 /* TFWebViewController.m in Sources */ = {isa = PBXBuildFile; fileRef = B0E82FD61CBA1F0300655B66 /* TFWebViewController.m */; };
		B0E82FDB1CBA236000655B66 /* TFNavigationController.m in Sources */ = {isa = PBXBuildFile; fileRef = B0E82FDA1CBA236000655B66 /* TFNavigationController.m */; };
		B0E82FDE1CBA238400655B66 /* UIWebView+TFCore.m in Sources */ = {isa = PBXBuildFile; fileRef = B0E82FDD1CBA238400655B66 /* UIWebView+TFCore.m */; };
		B0E82FE11CBA23D700655B66 /* UIViewController+TFCore.m in Sources */ = {isa = PBXBuildFile; fileRef = B0E82FE01CBA23D700655B66 /* UIViewController+TFCore.m */; };
		C46D84B51D5334AB009F65AF /* TFSegmentView.m in Sources */ = {isa = PBXBuildFile; fileRef = C46D84B01D5334AB009F65AF /* TFSegmentView.m */; };
		C46D84B61D5334AB009F65AF /* TFSegmentViewTitleCell.m in Sources */ = {isa = PBXBuildFile; fileRef = C46D84B21D5334AB009F65AF /* TFSegmentViewTitleCell.m */; };
		C46D84B71D5334AB009F65AF /* TFViewControllerPageNode.m in Sources */ = {isa = PBXBuildFile; fileRef = C46D84B41D5334AB009F65AF /* TFViewControllerPageNode.m */; };
		C46D84BA1D5334B2009F65AF /* TFPageViewController.m in Sources */ = {isa = PBXBuildFile; fileRef = C46D84B91D5334B2009F65AF /* TFPageViewController.m */; };
/* End PBXBuildFile section */

/* Begin PBXContainerItemProxy section */
		B03ABEF91CAB5AC4004067CA /* PBXContainerItemProxy */ = {
			isa = PBXContainerItemProxy;
			containerPortal = B03ABED71CAB5AC4004067CA /* Project object */;
			proxyType = 1;
			remoteGlobalIDString = B03ABEDE1CAB5AC4004067CA;
			remoteInfo = TFCoreFoundation;
		};
		B03ABF041CAB5AC4004067CA /* PBXContainerItemProxy */ = {
			isa = PBXContainerItemProxy;
			containerPortal = B03ABED71CAB5AC4004067CA /* Project object */;
			proxyType = 1;
			remoteGlobalIDString = B03ABEDE1CAB5AC4004067CA;
			remoteInfo = TFCoreFoundation;
		};
/* End PBXContainerItemProxy section */

/* Begin PBXFileReference section */
		5D03EFAAF3A21FBE631A045B /* libPods-TFCoreFoundation.a */ = {isa = PBXFileReference; explicitFileType = archive.ar; includeInIndex = 0; path = "libPods-TFCoreFoundation.a"; sourceTree = BUILT_PRODUCTS_DIR; };
		6C654EC71D79599C00757341 /* UIView+EmptyDataSet.h */ = {isa = PBXFileReference; fileEncoding = 4; lastKnownFileType = sourcecode.c.h; path = "UIView+EmptyDataSet.h"; sourceTree = "<group>"; };
		6C654EC81D79599C00757341 /* UIView+EmptyDataSet.m */ = {isa = PBXFileReference; fileEncoding = 4; lastKnownFileType = sourcecode.c.objc; path = "UIView+EmptyDataSet.m"; sourceTree = "<group>"; };
		6C654ECA1D795BD900757341 /* UIViewController+EmptyState.h */ = {isa = PBXFileReference; fileEncoding = 4; lastKnownFileType = sourcecode.c.h; path = "UIViewController+EmptyState.h"; sourceTree = "<group>"; };
		6C654ECB1D795BD900757341 /* UIViewController+EmptyState.m */ = {isa = PBXFileReference; fileEncoding = 4; lastKnownFileType = sourcecode.c.objc; path = "UIViewController+EmptyState.m"; sourceTree = "<group>"; };
		6C654ECC1D795BD900757341 /* UIViewController+Toast.h */ = {isa = PBXFileReference; fileEncoding = 4; lastKnownFileType = sourcecode.c.h; path = "UIViewController+Toast.h"; sourceTree = "<group>"; };
		6C654ECD1D795BD900757341 /* UIViewController+Toast.m */ = {isa = PBXFileReference; fileEncoding = 4; lastKnownFileType = sourcecode.c.objc; path = "UIViewController+Toast.m"; sourceTree = "<group>"; };
		B03ABEDF1CAB5AC4004067CA /* TFCoreFoundation.app */ = {isa = PBXFileReference; explicitFileType = wrapper.application; includeInIndex = 0; path = TFCoreFoundation.app; sourceTree = BUILT_PRODUCTS_DIR; };
		B03ABEE31CAB5AC4004067CA /* main.m */ = {isa = PBXFileReference; lastKnownFileType = sourcecode.c.objc; path = main.m; sourceTree = "<group>"; };
		B03ABEE51CAB5AC4004067CA /* AppDelegate.h */ = {isa = PBXFileReference; lastKnownFileType = sourcecode.c.h; path = AppDelegate.h; sourceTree = "<group>"; };
		B03ABEE61CAB5AC4004067CA /* AppDelegate.m */ = {isa = PBXFileReference; lastKnownFileType = sourcecode.c.objc; path = AppDelegate.m; sourceTree = "<group>"; };
		B03ABEE81CAB5AC4004067CA /* ViewController.h */ = {isa = PBXFileReference; lastKnownFileType = sourcecode.c.h; path = ViewController.h; sourceTree = "<group>"; };
		B03ABEE91CAB5AC4004067CA /* ViewController.m */ = {isa = PBXFileReference; lastKnownFileType = sourcecode.c.objc; path = ViewController.m; sourceTree = "<group>"; };
		B03ABEEC1CAB5AC4004067CA /* Base */ = {isa = PBXFileReference; lastKnownFileType = file.storyboard; name = Base; path = Base.lproj/Main.storyboard; sourceTree = "<group>"; };
		B03ABEEE1CAB5AC4004067CA /* Assets.xcassets */ = {isa = PBXFileReference; lastKnownFileType = folder.assetcatalog; path = Assets.xcassets; sourceTree = "<group>"; };
		B03ABEF11CAB5AC4004067CA /* Base */ = {isa = PBXFileReference; lastKnownFileType = file.storyboard; name = Base; path = Base.lproj/LaunchScreen.storyboard; sourceTree = "<group>"; };
		B03ABEF31CAB5AC4004067CA /* Info.plist */ = {isa = PBXFileReference; lastKnownFileType = text.plist.xml; path = Info.plist; sourceTree = "<group>"; };
		B03ABEF81CAB5AC4004067CA /* TFCoreFoundationTests.xctest */ = {isa = PBXFileReference; explicitFileType = wrapper.cfbundle; includeInIndex = 0; path = TFCoreFoundationTests.xctest; sourceTree = BUILT_PRODUCTS_DIR; };
		B03ABEFC1CAB5AC4004067CA /* TFCoreFoundationTests.m */ = {isa = PBXFileReference; lastKnownFileType = sourcecode.c.objc; path = TFCoreFoundationTests.m; sourceTree = "<group>"; };
		B03ABEFE1CAB5AC4004067CA /* Info.plist */ = {isa = PBXFileReference; lastKnownFileType = text.plist.xml; path = Info.plist; sourceTree = "<group>"; };
		B03ABF031CAB5AC4004067CA /* TFCoreFoundationUITests.xctest */ = {isa = PBXFileReference; explicitFileType = wrapper.cfbundle; includeInIndex = 0; path = TFCoreFoundationUITests.xctest; sourceTree = BUILT_PRODUCTS_DIR; };
		B03ABF071CAB5AC4004067CA /* TFCoreFoundationUITests.m */ = {isa = PBXFileReference; lastKnownFileType = sourcecode.c.objc; path = TFCoreFoundationUITests.m; sourceTree = "<group>"; };
		B03ABF091CAB5AC4004067CA /* Info.plist */ = {isa = PBXFileReference; lastKnownFileType = text.plist.xml; path = Info.plist; sourceTree = "<group>"; };
		B043354D1CAB800000960551 /* TFCoreFoundation.h */ = {isa = PBXFileReference; fileEncoding = 4; lastKnownFileType = sourcecode.c.h; path = TFCoreFoundation.h; sourceTree = "<group>"; };
		B04335531CAB831500960551 /* TFCoreFoundationMacro.h */ = {isa = PBXFileReference; fileEncoding = 4; lastKnownFileType = sourcecode.c.h; path = TFCoreFoundationMacro.h; sourceTree = "<group>"; };
		B04335561CABA1CD00960551 /* NSObject+TFCore.h */ = {isa = PBXFileReference; fileEncoding = 4; lastKnownFileType = sourcecode.c.h; path = "NSObject+TFCore.h"; sourceTree = "<group>"; };
		B04335571CABA1CD00960551 /* NSObject+TFCore.m */ = {isa = PBXFileReference; fileEncoding = 4; lastKnownFileType = sourcecode.c.objc; path = "NSObject+TFCore.m"; sourceTree = "<group>"; };
		B04335591CABA47200960551 /* NSObject+TFCoreForKVO.h */ = {isa = PBXFileReference; fileEncoding = 4; lastKnownFileType = sourcecode.c.h; path = "NSObject+TFCoreForKVO.h"; sourceTree = "<group>"; };
		B043355A1CABA47200960551 /* NSObject+TFCoreForKVO.m */ = {isa = PBXFileReference; fileEncoding = 4; lastKnownFileType = sourcecode.c.objc; path = "NSObject+TFCoreForKVO.m"; sourceTree = "<group>"; };
		B043355C1CABA51A00960551 /* NSString+TFCore.h */ = {isa = PBXFileReference; fileEncoding = 4; lastKnownFileType = sourcecode.c.h; path = "NSString+TFCore.h"; sourceTree = "<group>"; };
		B043355D1CABA51A00960551 /* NSString+TFCore.m */ = {isa = PBXFileReference; fileEncoding = 4; lastKnownFileType = sourcecode.c.objc; path = "NSString+TFCore.m"; sourceTree = "<group>"; };
		B043355F1CABA8BD00960551 /* NSNumber+TFCore.h */ = {isa = PBXFileReference; fileEncoding = 4; lastKnownFileType = sourcecode.c.h; path = "NSNumber+TFCore.h"; sourceTree = "<group>"; };
		B04335601CABA8BD00960551 /* NSNumber+TFCore.m */ = {isa = PBXFileReference; fileEncoding = 4; lastKnownFileType = sourcecode.c.objc; path = "NSNumber+TFCore.m"; sourceTree = "<group>"; };
		B04335621CABAA5700960551 /* NSData+TFCore.h */ = {isa = PBXFileReference; fileEncoding = 4; lastKnownFileType = sourcecode.c.h; path = "NSData+TFCore.h"; sourceTree = "<group>"; };
		B04335631CABAA5700960551 /* NSData+TFCore.m */ = {isa = PBXFileReference; fileEncoding = 4; lastKnownFileType = sourcecode.c.objc; path = "NSData+TFCore.m"; sourceTree = "<group>"; };
		B04335651CABAC2D00960551 /* UIDevice+TFCore.h */ = {isa = PBXFileReference; fileEncoding = 4; lastKnownFileType = sourcecode.c.h; path = "UIDevice+TFCore.h"; sourceTree = "<group>"; };
		B04335661CABAC2D00960551 /* UIDevice+TFCore.m */ = {isa = PBXFileReference; fileEncoding = 4; lastKnownFileType = sourcecode.c.objc; path = "UIDevice+TFCore.m"; sourceTree = "<group>"; };
		B04335681CABB17900960551 /* libz.tbd */ = {isa = PBXFileReference; lastKnownFileType = "sourcecode.text-based-dylib-definition"; name = libz.tbd; path = usr/lib/libz.tbd; sourceTree = SDKROOT; };
		B043356A1CABB19800960551 /* NSArray+TFCore.h */ = {isa = PBXFileReference; fileEncoding = 4; lastKnownFileType = sourcecode.c.h; path = "NSArray+TFCore.h"; sourceTree = "<group>"; };
		B043356B1CABB19800960551 /* NSArray+TFCore.m */ = {isa = PBXFileReference; fileEncoding = 4; lastKnownFileType = sourcecode.c.objc; path = "NSArray+TFCore.m"; sourceTree = "<group>"; };
		B043356D1CABB36C00960551 /* NSDictionary+TFCore.h */ = {isa = PBXFileReference; fileEncoding = 4; lastKnownFileType = sourcecode.c.h; path = "NSDictionary+TFCore.h"; sourceTree = "<group>"; };
		B043356E1CABB36C00960551 /* NSDictionary+TFCore.m */ = {isa = PBXFileReference; fileEncoding = 4; lastKnownFileType = sourcecode.c.objc; path = "NSDictionary+TFCore.m"; sourceTree = "<group>"; };
		B04335701CABB5B500960551 /* NSDate+TFCore.h */ = {isa = PBXFileReference; fileEncoding = 4; lastKnownFileType = sourcecode.c.h; path = "NSDate+TFCore.h"; sourceTree = "<group>"; };
		B04335711CABB5B500960551 /* NSDate+TFCore.m */ = {isa = PBXFileReference; fileEncoding = 4; lastKnownFileType = sourcecode.c.objc; path = "NSDate+TFCore.m"; sourceTree = "<group>"; };
		B04335731CABB70000960551 /* NSNotificationCenter+TFCore.h */ = {isa = PBXFileReference; fileEncoding = 4; lastKnownFileType = sourcecode.c.h; path = "NSNotificationCenter+TFCore.h"; sourceTree = "<group>"; };
		B04335741CABB70000960551 /* NSNotificationCenter+TFCore.m */ = {isa = PBXFileReference; fileEncoding = 4; lastKnownFileType = sourcecode.c.objc; path = "NSNotificationCenter+TFCore.m"; sourceTree = "<group>"; };
		B04860411CBB3E3F00DE6770 /* TFDirectionalPanGestureRecognizer.h */ = {isa = PBXFileReference; fileEncoding = 4; lastKnownFileType = sourcecode.c.h; path = TFDirectionalPanGestureRecognizer.h; sourceTree = "<group>"; };
		B04860421CBB3E3F00DE6770 /* TFDirectionalPanGestureRecognizer.m */ = {isa = PBXFileReference; fileEncoding = 4; lastKnownFileType = sourcecode.c.objc; path = TFDirectionalPanGestureRecognizer.m; sourceTree = "<group>"; };
		B04860471CBB419600DE6770 /* TFViewTransitionAnimator.h */ = {isa = PBXFileReference; fileEncoding = 4; lastKnownFileType = sourcecode.c.h; path = TFViewTransitionAnimator.h; sourceTree = "<group>"; };
		B04860481CBB419600DE6770 /* TFViewTransitionAnimator.m */ = {isa = PBXFileReference; fileEncoding = 4; lastKnownFileType = sourcecode.c.objc; path = TFViewTransitionAnimator.m; sourceTree = "<group>"; };
		B048604A1CBB471B00DE6770 /* TFAlertView.h */ = {isa = PBXFileReference; fileEncoding = 4; lastKnownFileType = sourcecode.c.h; path = TFAlertView.h; sourceTree = "<group>"; };
		B048604B1CBB471B00DE6770 /* TFAlertView.m */ = {isa = PBXFileReference; fileEncoding = 4; lastKnownFileType = sourcecode.c.objc; path = TFAlertView.m; sourceTree = "<group>"; };
		B048604D1CBB4D3A00DE6770 /* TFStateView.h */ = {isa = PBXFileReference; fileEncoding = 4; lastKnownFileType = sourcecode.c.h; path = TFStateView.h; sourceTree = "<group>"; };
		B048604E1CBB4D3A00DE6770 /* TFStateView.m */ = {isa = PBXFileReference; fileEncoding = 4; lastKnownFileType = sourcecode.c.objc; path = TFStateView.m; sourceTree = "<group>"; };
		B04860511CBB640E00DE6770 /* TFKVStorage.h */ = {isa = PBXFileReference; fileEncoding = 4; lastKnownFileType = sourcecode.c.h; path = TFKVStorage.h; sourceTree = "<group>"; };
		B04860521CBB640E00DE6770 /* TFKVStorage.m */ = {isa = PBXFileReference; fileEncoding = 4; lastKnownFileType = sourcecode.c.objc; path = TFKVStorage.m; sourceTree = "<group>"; };
		B04860541CBB642400DE6770 /* libsqlite3.tbd */ = {isa = PBXFileReference; lastKnownFileType = "sourcecode.text-based-dylib-definition"; name = libsqlite3.tbd; path = usr/lib/libsqlite3.tbd; sourceTree = SDKROOT; };
		B04860561CBB820C00DE6770 /* TFSplashView.h */ = {isa = PBXFileReference; fileEncoding = 4; lastKnownFileType = sourcecode.c.h; path = TFSplashView.h; sourceTree = "<group>"; };
		B04860571CBB820C00DE6770 /* TFSplashView.m */ = {isa = PBXFileReference; fileEncoding = 4; lastKnownFileType = sourcecode.c.objc; path = TFSplashView.m; sourceTree = "<group>"; };
		B07CBA291CBB875D004A81F2 /* YYImage+TFCore.h */ = {isa = PBXFileReference; fileEncoding = 4; lastKnownFileType = sourcecode.c.h; path = "YYImage+TFCore.h"; sourceTree = "<group>"; };
		B07CBA2A1CBB875D004A81F2 /* YYImage+TFCore.m */ = {isa = PBXFileReference; fileEncoding = 4; lastKnownFileType = sourcecode.c.objc; path = "YYImage+TFCore.m"; sourceTree = "<group>"; };
		B07CBA2F1CBB910B004A81F2 /* TFModel.h */ = {isa = PBXFileReference; fileEncoding = 4; lastKnownFileType = sourcecode.c.h; path = TFModel.h; sourceTree = "<group>"; };
		B07CBA301CBB910B004A81F2 /* TFModel.m */ = {isa = PBXFileReference; fileEncoding = 4; lastKnownFileType = sourcecode.c.objc; path = TFModel.m; sourceTree = "<group>"; };
		B0D5EA291CBE368A00ED42F1 /* TFSwizzleMethod.h */ = {isa = PBXFileReference; fileEncoding = 4; lastKnownFileType = sourcecode.c.h; path = TFSwizzleMethod.h; sourceTree = "<group>"; };
		B0D5EA2A1CBE368A00ED42F1 /* TFSwizzleMethod.m */ = {isa = PBXFileReference; fileEncoding = 4; lastKnownFileType = sourcecode.c.objc; path = TFSwizzleMethod.m; sourceTree = "<group>"; };
		B0D5EA2C1CBE36F100ED42F1 /* UINavigationController+TFCore.h */ = {isa = PBXFileReference; fileEncoding = 4; lastKnownFileType = sourcecode.c.h; path = "UINavigationController+TFCore.h"; sourceTree = "<group>"; };
		B0D5EA2D1CBE36F100ED42F1 /* UINavigationController+TFCore.m */ = {isa = PBXFileReference; fileEncoding = 4; lastKnownFileType = sourcecode.c.objc; path = "UINavigationController+TFCore.m"; sourceTree = "<group>"; };
		B0DA371E1CC5C38A000F6683 /* TFValidateUtility.h */ = {isa = PBXFileReference; fileEncoding = 4; lastKnownFileType = sourcecode.c.h; path = TFValidateUtility.h; sourceTree = "<group>"; };
		B0DA371F1CC5C38A000F6683 /* TFValidateUtility.m */ = {isa = PBXFileReference; fileEncoding = 4; lastKnownFileType = sourcecode.c.objc; path = TFValidateUtility.m; sourceTree = "<group>"; };
		B0E82F941CB9EE0200655B66 /* UIAlertController+TFCore.h */ = {isa = PBXFileReference; fileEncoding = 4; lastKnownFileType = sourcecode.c.h; path = "UIAlertController+TFCore.h"; sourceTree = "<group>"; };
		B0E82F951CB9EE0200655B66 /* UIAlertController+TFCore.m */ = {isa = PBXFileReference; fileEncoding = 4; lastKnownFileType = sourcecode.c.objc; path = "UIAlertController+TFCore.m"; sourceTree = "<group>"; };
		B0E82F971CB9EE9A00655B66 /* TFCGUtilities.h */ = {isa = PBXFileReference; fileEncoding = 4; lastKnownFileType = sourcecode.c.h; path = TFCGUtilities.h; sourceTree = "<group>"; };
		B0E82F981CB9EE9A00655B66 /* TFCGUtilities.m */ = {isa = PBXFileReference; fileEncoding = 4; lastKnownFileType = sourcecode.c.objc; path = TFCGUtilities.m; sourceTree = "<group>"; };
		B0E82F9A1CB9EF6100655B66 /* UIApplication+TFCore.h */ = {isa = PBXFileReference; fileEncoding = 4; lastKnownFileType = sourcecode.c.h; path = "UIApplication+TFCore.h"; sourceTree = "<group>"; };
		B0E82F9B1CB9EF6100655B66 /* UIApplication+TFCore.m */ = {isa = PBXFileReference; fileEncoding = 4; lastKnownFileType = sourcecode.c.objc; path = "UIApplication+TFCore.m"; sourceTree = "<group>"; };
		B0E82F9D1CB9EFE800655B66 /* UIView+TFCore.h */ = {isa = PBXFileReference; fileEncoding = 4; lastKnownFileType = sourcecode.c.h; path = "UIView+TFCore.h"; sourceTree = "<group>"; };
		B0E82F9E1CB9EFE800655B66 /* UIView+TFCore.m */ = {isa = PBXFileReference; fileEncoding = 4; lastKnownFileType = sourcecode.c.objc; path = "UIView+TFCore.m"; sourceTree = "<group>"; };
		B0E82FA11CB9F15300655B66 /* TFViewController.h */ = {isa = PBXFileReference; fileEncoding = 4; lastKnownFileType = sourcecode.c.h; path = TFViewController.h; sourceTree = "<group>"; };
		B0E82FA21CB9F15300655B66 /* TFViewController.m */ = {isa = PBXFileReference; fileEncoding = 4; lastKnownFileType = sourcecode.c.objc; path = TFViewController.m; sourceTree = "<group>"; };
		B0E82FA41CB9F16500655B66 /* TFTableViewController.h */ = {isa = PBXFileReference; fileEncoding = 4; lastKnownFileType = sourcecode.c.h; path = TFTableViewController.h; sourceTree = "<group>"; };
		B0E82FA51CB9F16500655B66 /* TFTableViewController.m */ = {isa = PBXFileReference; fileEncoding = 4; lastKnownFileType = sourcecode.c.objc; path = TFTableViewController.m; sourceTree = "<group>"; };
		B0E82FA81CB9F1AD00655B66 /* UIBarButtonItem+TFCore.h */ = {isa = PBXFileReference; fileEncoding = 4; lastKnownFileType = sourcecode.c.h; path = "UIBarButtonItem+TFCore.h"; sourceTree = "<group>"; };
		B0E82FA91CB9F1AD00655B66 /* UIBarButtonItem+TFCore.m */ = {isa = PBXFileReference; fileEncoding = 4; lastKnownFileType = sourcecode.c.objc; path = "UIBarButtonItem+TFCore.m"; sourceTree = "<group>"; };
		B0E82FAB1CB9F22000655B66 /* UIBezierPath+TFCore.h */ = {isa = PBXFileReference; fileEncoding = 4; lastKnownFileType = sourcecode.c.h; path = "UIBezierPath+TFCore.h"; sourceTree = "<group>"; };
		B0E82FAC1CB9F22000655B66 /* UIBezierPath+TFCore.m */ = {isa = PBXFileReference; fileEncoding = 4; lastKnownFileType = sourcecode.c.objc; path = "UIBezierPath+TFCore.m"; sourceTree = "<group>"; };
		B0E82FAE1CB9F27E00655B66 /* UIColor+TFCore.h */ = {isa = PBXFileReference; fileEncoding = 4; lastKnownFileType = sourcecode.c.h; path = "UIColor+TFCore.h"; sourceTree = "<group>"; };
		B0E82FAF1CB9F27E00655B66 /* UIColor+TFCore.m */ = {isa = PBXFileReference; fileEncoding = 4; lastKnownFileType = sourcecode.c.objc; path = "UIColor+TFCore.m"; sourceTree = "<group>"; };
		B0E82FB11CB9F3B100655B66 /* UIControl+TFCore.h */ = {isa = PBXFileReference; fileEncoding = 4; lastKnownFileType = sourcecode.c.h; path = "UIControl+TFCore.h"; sourceTree = "<group>"; };
		B0E82FB21CB9F3B100655B66 /* UIControl+TFCore.m */ = {isa = PBXFileReference; fileEncoding = 4; lastKnownFileType = sourcecode.c.objc; path = "UIControl+TFCore.m"; sourceTree = "<group>"; };
		B0E82FB41CB9F42500655B66 /* UIFont+TFCore.h */ = {isa = PBXFileReference; fileEncoding = 4; lastKnownFileType = sourcecode.c.h; path = "UIFont+TFCore.h"; sourceTree = "<group>"; };
		B0E82FB51CB9F42500655B66 /* UIFont+TFCore.m */ = {isa = PBXFileReference; fileEncoding = 4; lastKnownFileType = sourcecode.c.objc; path = "UIFont+TFCore.m"; sourceTree = "<group>"; };
		B0E82FB71CB9F53600655B66 /* UIGestureRecognizer+TFCore.h */ = {isa = PBXFileReference; fileEncoding = 4; lastKnownFileType = sourcecode.c.h; path = "UIGestureRecognizer+TFCore.h"; sourceTree = "<group>"; };
		B0E82FB81CB9F53600655B66 /* UIGestureRecognizer+TFCore.m */ = {isa = PBXFileReference; fileEncoding = 4; lastKnownFileType = sourcecode.c.objc; path = "UIGestureRecognizer+TFCore.m"; sourceTree = "<group>"; };
		B0E82FBA1CB9F59B00655B66 /* UIImage+TFCore.h */ = {isa = PBXFileReference; fileEncoding = 4; lastKnownFileType = sourcecode.c.h; path = "UIImage+TFCore.h"; sourceTree = "<group>"; };
		B0E82FBB1CB9F59B00655B66 /* UIImage+TFCore.m */ = {isa = PBXFileReference; fileEncoding = 4; lastKnownFileType = sourcecode.c.objc; path = "UIImage+TFCore.m"; sourceTree = "<group>"; };
		B0E82FBD1CB9F6D900655B66 /* UIScreen+TFCore.h */ = {isa = PBXFileReference; fileEncoding = 4; lastKnownFileType = sourcecode.c.h; path = "UIScreen+TFCore.h"; sourceTree = "<group>"; };
		B0E82FBE1CB9F6D900655B66 /* UIScreen+TFCore.m */ = {isa = PBXFileReference; fileEncoding = 4; lastKnownFileType = sourcecode.c.objc; path = "UIScreen+TFCore.m"; sourceTree = "<group>"; };
		B0E82FC01CB9F7A600655B66 /* UIScrollView+TFCore.h */ = {isa = PBXFileReference; fileEncoding = 4; lastKnownFileType = sourcecode.c.h; path = "UIScrollView+TFCore.h"; sourceTree = "<group>"; };
		B0E82FC11CB9F7A600655B66 /* UIScrollView+TFCore.m */ = {isa = PBXFileReference; fileEncoding = 4; lastKnownFileType = sourcecode.c.objc; path = "UIScrollView+TFCore.m"; sourceTree = "<group>"; };
		B0E82FC31CB9F7E200655B66 /* UITableView+TFCore.h */ = {isa = PBXFileReference; fileEncoding = 4; lastKnownFileType = sourcecode.c.h; path = "UITableView+TFCore.h"; sourceTree = "<group>"; };
		B0E82FC41CB9F7E200655B66 /* UITableView+TFCore.m */ = {isa = PBXFileReference; fileEncoding = 4; lastKnownFileType = sourcecode.c.objc; path = "UITableView+TFCore.m"; sourceTree = "<group>"; };
		B0E82FC61CB9F84100655B66 /* UITextField+TFCore.h */ = {isa = PBXFileReference; fileEncoding = 4; lastKnownFileType = sourcecode.c.h; path = "UITextField+TFCore.h"; sourceTree = "<group>"; };
		B0E82FC71CB9F84100655B66 /* UITextField+TFCore.m */ = {isa = PBXFileReference; fileEncoding = 4; lastKnownFileType = sourcecode.c.objc; path = "UITextField+TFCore.m"; sourceTree = "<group>"; };
		B0E82FCA1CBA1BD100655B66 /* TFStyle.h */ = {isa = PBXFileReference; fileEncoding = 4; lastKnownFileType = sourcecode.c.h; path = TFStyle.h; sourceTree = "<group>"; };
		B0E82FCB1CBA1BD100655B66 /* TFStyle.m */ = {isa = PBXFileReference; fileEncoding = 4; lastKnownFileType = sourcecode.c.objc; path = TFStyle.m; sourceTree = "<group>"; };
		B0E82FCD1CBA1D6500655B66 /* TFDefaultStyle.h */ = {isa = PBXFileReference; fileEncoding = 4; lastKnownFileType = sourcecode.c.h; path = TFDefaultStyle.h; sourceTree = "<group>"; };
		B0E82FCE1CBA1D6500655B66 /* TFDefaultStyle.m */ = {isa = PBXFileReference; fileEncoding = 4; lastKnownFileType = sourcecode.c.objc; path = TFDefaultStyle.m; sourceTree = "<group>"; };
		B0E82FD31CBA1DC600655B66 /* TFCoreFoundationMacro.m */ = {isa = PBXFileReference; fileEncoding = 4; lastKnownFileType = sourcecode.c.objc; path = TFCoreFoundationMacro.m; sourceTree = "<group>"; };
		B0E82FD51CBA1F0300655B66 /* TFWebViewController.h */ = {isa = PBXFileReference; fileEncoding = 4; lastKnownFileType = sourcecode.c.h; path = TFWebViewController.h; sourceTree = "<group>"; };
		B0E82FD61CBA1F0300655B66 /* TFWebViewController.m */ = {isa = PBXFileReference; fileEncoding = 4; lastKnownFileType = sourcecode.c.objc; path = TFWebViewController.m; sourceTree = "<group>"; };
		B0E82FD91CBA236000655B66 /* TFNavigationController.h */ = {isa = PBXFileReference; fileEncoding = 4; lastKnownFileType = sourcecode.c.h; path = TFNavigationController.h; sourceTree = "<group>"; };
		B0E82FDA1CBA236000655B66 /* TFNavigationController.m */ = {isa = PBXFileReference; fileEncoding = 4; lastKnownFileType = sourcecode.c.objc; path = TFNavigationController.m; sourceTree = "<group>"; };
		B0E82FDC1CBA238400655B66 /* UIWebView+TFCore.h */ = {isa = PBXFileReference; fileEncoding = 4; lastKnownFileType = sourcecode.c.h; path = "UIWebView+TFCore.h"; sourceTree = "<group>"; };
		B0E82FDD1CBA238400655B66 /* UIWebView+TFCore.m */ = {isa = PBXFileReference; fileEncoding = 4; lastKnownFileType = sourcecode.c.objc; path = "UIWebView+TFCore.m"; sourceTree = "<group>"; };
		B0E82FDF1CBA23D700655B66 /* UIViewController+TFCore.h */ = {isa = PBXFileReference; fileEncoding = 4; lastKnownFileType = sourcecode.c.h; path = "UIViewController+TFCore.h"; sourceTree = "<group>"; };
		B0E82FE01CBA23D700655B66 /* UIViewController+TFCore.m */ = {isa = PBXFileReference; fileEncoding = 4; lastKnownFileType = sourcecode.c.objc; path = "UIViewController+TFCore.m"; sourceTree = "<group>"; };
		C46D84AF1D5334AB009F65AF /* TFSegmentView.h */ = {isa = PBXFileReference; fileEncoding = 4; lastKnownFileType = sourcecode.c.h; path = TFSegmentView.h; sourceTree = "<group>"; };
		C46D84B01D5334AB009F65AF /* TFSegmentView.m */ = {isa = PBXFileReference; fileEncoding = 4; lastKnownFileType = sourcecode.c.objc; path = TFSegmentView.m; sourceTree = "<group>"; };
		C46D84B11D5334AB009F65AF /* TFSegmentViewTitleCell.h */ = {isa = PBXFileReference; fileEncoding = 4; lastKnownFileType = sourcecode.c.h; path = TFSegmentViewTitleCell.h; sourceTree = "<group>"; };
		C46D84B21D5334AB009F65AF /* TFSegmentViewTitleCell.m */ = {isa = PBXFileReference; fileEncoding = 4; lastKnownFileType = sourcecode.c.objc; path = TFSegmentViewTitleCell.m; sourceTree = "<group>"; };
		C46D84B31D5334AB009F65AF /* TFViewControllerPageNode.h */ = {isa = PBXFileReference; fileEncoding = 4; lastKnownFileType = sourcecode.c.h; path = TFViewControllerPageNode.h; sourceTree = "<group>"; };
		C46D84B41D5334AB009F65AF /* TFViewControllerPageNode.m */ = {isa = PBXFileReference; fileEncoding = 4; lastKnownFileType = sourcecode.c.objc; path = TFViewControllerPageNode.m; sourceTree = "<group>"; };
		C46D84B81D5334B2009F65AF /* TFPageViewController.h */ = {isa = PBXFileReference; fileEncoding = 4; lastKnownFileType = sourcecode.c.h; path = TFPageViewController.h; sourceTree = "<group>"; };
		C46D84B91D5334B2009F65AF /* TFPageViewController.m */ = {isa = PBXFileReference; fileEncoding = 4; lastKnownFileType = sourcecode.c.objc; path = TFPageViewController.m; sourceTree = "<group>"; };
		C8924AE191CF82B0A0DF3044 /* Pods-TFCoreFoundation.debug.xcconfig */ = {isa = PBXFileReference; includeInIndex = 1; lastKnownFileType = text.xcconfig; name = "Pods-TFCoreFoundation.debug.xcconfig"; path = "Pods/Target Support Files/Pods-TFCoreFoundation/Pods-TFCoreFoundation.debug.xcconfig"; sourceTree = "<group>"; };
		EF9A1DB4F620DCD06F118A37 /* Pods-TFCoreFoundation.release.xcconfig */ = {isa = PBXFileReference; includeInIndex = 1; lastKnownFileType = text.xcconfig; name = "Pods-TFCoreFoundation.release.xcconfig"; path = "Pods/Target Support Files/Pods-TFCoreFoundation/Pods-TFCoreFoundation.release.xcconfig"; sourceTree = "<group>"; };
/* End PBXFileReference section */

/* Begin PBXFrameworksBuildPhase section */
		B03ABEDC1CAB5AC4004067CA /* Frameworks */ = {
			isa = PBXFrameworksBuildPhase;
			buildActionMask = 2147483647;
			files = (
				B04860551CBB642400DE6770 /* libsqlite3.tbd in Frameworks */,
				B04335691CABB17900960551 /* libz.tbd in Frameworks */,
				0C5B09AB5709EFB3D0233DDD /* libPods-TFCoreFoundation.a in Frameworks */,
			);
			runOnlyForDeploymentPostprocessing = 0;
		};
		B03ABEF51CAB5AC4004067CA /* Frameworks */ = {
			isa = PBXFrameworksBuildPhase;
			buildActionMask = 2147483647;
			files = (
			);
			runOnlyForDeploymentPostprocessing = 0;
		};
		B03ABF001CAB5AC4004067CA /* Frameworks */ = {
			isa = PBXFrameworksBuildPhase;
			buildActionMask = 2147483647;
			files = (
			);
			runOnlyForDeploymentPostprocessing = 0;
		};
/* End PBXFrameworksBuildPhase section */

/* Begin PBXGroup section */
		0B2CEA0D2EC6EA3717327D29 /* Frameworks */ = {
			isa = PBXGroup;
			children = (
				B04860541CBB642400DE6770 /* libsqlite3.tbd */,
				B04335681CABB17900960551 /* libz.tbd */,
				5D03EFAAF3A21FBE631A045B /* libPods-TFCoreFoundation.a */,
			);
			name = Frameworks;
			sourceTree = "<group>";
		};
		7E2FC0CD7D1E883A967F3D58 /* Pods */ = {
			isa = PBXGroup;
			children = (
				C8924AE191CF82B0A0DF3044 /* Pods-TFCoreFoundation.debug.xcconfig */,
				EF9A1DB4F620DCD06F118A37 /* Pods-TFCoreFoundation.release.xcconfig */,
			);
			name = Pods;
			sourceTree = "<group>";
		};
		B03ABED61CAB5AC4004067CA = {
			isa = PBXGroup;
			children = (
				B03ABEE11CAB5AC4004067CA /* TFCoreFoundation */,
				B03ABEFB1CAB5AC4004067CA /* TFCoreFoundationTests */,
				B03ABF061CAB5AC4004067CA /* TFCoreFoundationUITests */,
				B03ABEE01CAB5AC4004067CA /* Products */,
				0B2CEA0D2EC6EA3717327D29 /* Frameworks */,
				7E2FC0CD7D1E883A967F3D58 /* Pods */,
			);
			sourceTree = "<group>";
		};
		B03ABEE01CAB5AC4004067CA /* Products */ = {
			isa = PBXGroup;
			children = (
				B03ABEDF1CAB5AC4004067CA /* TFCoreFoundation.app */,
				B03ABEF81CAB5AC4004067CA /* TFCoreFoundationTests.xctest */,
				B03ABF031CAB5AC4004067CA /* TFCoreFoundationUITests.xctest */,
			);
			name = Products;
			sourceTree = "<group>";
		};
		B03ABEE11CAB5AC4004067CA /* TFCoreFoundation */ = {
			isa = PBXGroup;
			children = (
				B03ABF151CAB5AE6004067CA /* TFCoreFoundation */,
				B03ABEE51CAB5AC4004067CA /* AppDelegate.h */,
				B03ABEE61CAB5AC4004067CA /* AppDelegate.m */,
				B03ABEE81CAB5AC4004067CA /* ViewController.h */,
				B03ABEE91CAB5AC4004067CA /* ViewController.m */,
				B03ABEEB1CAB5AC4004067CA /* Main.storyboard */,
				B03ABEEE1CAB5AC4004067CA /* Assets.xcassets */,
				B03ABEF01CAB5AC4004067CA /* LaunchScreen.storyboard */,
				B03ABEF31CAB5AC4004067CA /* Info.plist */,
				B03ABEE21CAB5AC4004067CA /* Supporting Files */,
			);
			path = TFCoreFoundation;
			sourceTree = "<group>";
		};
		B03ABEE21CAB5AC4004067CA /* Supporting Files */ = {
			isa = PBXGroup;
			children = (
				B03ABEE31CAB5AC4004067CA /* main.m */,
			);
			name = "Supporting Files";
			sourceTree = "<group>";
		};
		B03ABEFB1CAB5AC4004067CA /* TFCoreFoundationTests */ = {
			isa = PBXGroup;
			children = (
				B03ABEFC1CAB5AC4004067CA /* TFCoreFoundationTests.m */,
				B03ABEFE1CAB5AC4004067CA /* Info.plist */,
			);
			path = TFCoreFoundationTests;
			sourceTree = "<group>";
		};
		B03ABF061CAB5AC4004067CA /* TFCoreFoundationUITests */ = {
			isa = PBXGroup;
			children = (
				B03ABF071CAB5AC4004067CA /* TFCoreFoundationUITests.m */,
				B03ABF091CAB5AC4004067CA /* Info.plist */,
			);
			path = TFCoreFoundationUITests;
			sourceTree = "<group>";
		};
		B03ABF151CAB5AE6004067CA /* TFCoreFoundation */ = {
			isa = PBXGroup;
			children = (
				B043354D1CAB800000960551 /* TFCoreFoundation.h */,
				B04860501CBB640E00DE6770 /* Cache */,
				B043354E1CAB81AE00960551 /* Base */,
				B0E82FC91CBA1BBB00655B66 /* Style */,
				B07CBA2E1CBB8FFF004A81F2 /* Model */,
			);
			path = TFCoreFoundation;
			sourceTree = "<group>";
		};
		B043354E1CAB81AE00960551 /* Base */ = {
			isa = PBXGroup;
			children = (
				B04860401CBB3E2B00DE6770 /* Utility */,
				B0E82FA71CB9F17300655B66 /* UIView */,
				B0E82FA01CB9F14000655B66 /* UIViewController */,
				B04335501CAB81AE00960551 /* Quartz */,
				B043354F1CAB81AE00960551 /* Foundation */,
				B04335511CAB81AE00960551 /* UIKit */,
				B04335531CAB831500960551 /* TFCoreFoundationMacro.h */,
				B0E82FD31CBA1DC600655B66 /* TFCoreFoundationMacro.m */,
			);
			path = Base;
			sourceTree = "<group>";
		};
		B043354F1CAB81AE00960551 /* Foundation */ = {
			isa = PBXGroup;
			children = (
				B04335561CABA1CD00960551 /* NSObject+TFCore.h */,
				B04335571CABA1CD00960551 /* NSObject+TFCore.m */,
				B04335591CABA47200960551 /* NSObject+TFCoreForKVO.h */,
				B043355A1CABA47200960551 /* NSObject+TFCoreForKVO.m */,
				B043355C1CABA51A00960551 /* NSString+TFCore.h */,
				B043355D1CABA51A00960551 /* NSString+TFCore.m */,
				B043355F1CABA8BD00960551 /* NSNumber+TFCore.h */,
				B04335601CABA8BD00960551 /* NSNumber+TFCore.m */,
				B04335621CABAA5700960551 /* NSData+TFCore.h */,
				B04335631CABAA5700960551 /* NSData+TFCore.m */,
				B043356A1CABB19800960551 /* NSArray+TFCore.h */,
				B043356B1CABB19800960551 /* NSArray+TFCore.m */,
				B043356D1CABB36C00960551 /* NSDictionary+TFCore.h */,
				B043356E1CABB36C00960551 /* NSDictionary+TFCore.m */,
				B04335701CABB5B500960551 /* NSDate+TFCore.h */,
				B04335711CABB5B500960551 /* NSDate+TFCore.m */,
				B04335731CABB70000960551 /* NSNotificationCenter+TFCore.h */,
				B04335741CABB70000960551 /* NSNotificationCenter+TFCore.m */,
			);
			path = Foundation;
			sourceTree = "<group>";
		};
		B04335501CAB81AE00960551 /* Quartz */ = {
			isa = PBXGroup;
			children = (
				B0E82F971CB9EE9A00655B66 /* TFCGUtilities.h */,
				B0E82F981CB9EE9A00655B66 /* TFCGUtilities.m */,
			);
			path = Quartz;
			sourceTree = "<group>";
		};
		B04335511CAB81AE00960551 /* UIKit */ = {
			isa = PBXGroup;
			children = (
				B04335651CABAC2D00960551 /* UIDevice+TFCore.h */,
				B04335661CABAC2D00960551 /* UIDevice+TFCore.m */,
				B0E82F941CB9EE0200655B66 /* UIAlertController+TFCore.h */,
				B0E82F951CB9EE0200655B66 /* UIAlertController+TFCore.m */,
				B0E82F9A1CB9EF6100655B66 /* UIApplication+TFCore.h */,
				B0E82F9B1CB9EF6100655B66 /* UIApplication+TFCore.m */,
				B0E82F9D1CB9EFE800655B66 /* UIView+TFCore.h */,
				B0E82F9E1CB9EFE800655B66 /* UIView+TFCore.m */,
				B0E82FA81CB9F1AD00655B66 /* UIBarButtonItem+TFCore.h */,
				B0E82FA91CB9F1AD00655B66 /* UIBarButtonItem+TFCore.m */,
				B0E82FAB1CB9F22000655B66 /* UIBezierPath+TFCore.h */,
				B0E82FAC1CB9F22000655B66 /* UIBezierPath+TFCore.m */,
				B0E82FAE1CB9F27E00655B66 /* UIColor+TFCore.h */,
				B0E82FAF1CB9F27E00655B66 /* UIColor+TFCore.m */,
				B0E82FB11CB9F3B100655B66 /* UIControl+TFCore.h */,
				B0E82FB21CB9F3B100655B66 /* UIControl+TFCore.m */,
				B0E82FB41CB9F42500655B66 /* UIFont+TFCore.h */,
				B0E82FB51CB9F42500655B66 /* UIFont+TFCore.m */,
				B0E82FB71CB9F53600655B66 /* UIGestureRecognizer+TFCore.h */,
				B0E82FB81CB9F53600655B66 /* UIGestureRecognizer+TFCore.m */,
				B0E82FBA1CB9F59B00655B66 /* UIImage+TFCore.h */,
				B0E82FBB1CB9F59B00655B66 /* UIImage+TFCore.m */,
				B07CBA291CBB875D004A81F2 /* YYImage+TFCore.h */,
				B07CBA2A1CBB875D004A81F2 /* YYImage+TFCore.m */,
				B0E82FBD1CB9F6D900655B66 /* UIScreen+TFCore.h */,
				B0E82FBE1CB9F6D900655B66 /* UIScreen+TFCore.m */,
				B0E82FC01CB9F7A600655B66 /* UIScrollView+TFCore.h */,
				B0E82FC11CB9F7A600655B66 /* UIScrollView+TFCore.m */,
				B0E82FC31CB9F7E200655B66 /* UITableView+TFCore.h */,
				B0E82FC41CB9F7E200655B66 /* UITableView+TFCore.m */,
				B0E82FC61CB9F84100655B66 /* UITextField+TFCore.h */,
				B0E82FC71CB9F84100655B66 /* UITextField+TFCore.m */,
				B0E82FDC1CBA238400655B66 /* UIWebView+TFCore.h */,
				B0E82FDD1CBA238400655B66 /* UIWebView+TFCore.m */,
				B0E82FDF1CBA23D700655B66 /* UIViewController+TFCore.h */,
				B0E82FE01CBA23D700655B66 /* UIViewController+TFCore.m */,
				B0D5EA2C1CBE36F100ED42F1 /* UINavigationController+TFCore.h */,
				B0D5EA2D1CBE36F100ED42F1 /* UINavigationController+TFCore.m */,
			);
			path = UIKit;
			sourceTree = "<group>";
		};
		B04860401CBB3E2B00DE6770 /* Utility */ = {
			isa = PBXGroup;
			children = (
				B04860411CBB3E3F00DE6770 /* TFDirectionalPanGestureRecognizer.h */,
				B04860421CBB3E3F00DE6770 /* TFDirectionalPanGestureRecognizer.m */,
				B04860471CBB419600DE6770 /* TFViewTransitionAnimator.h */,
				B04860481CBB419600DE6770 /* TFViewTransitionAnimator.m */,
				B0D5EA291CBE368A00ED42F1 /* TFSwizzleMethod.h */,
				B0D5EA2A1CBE368A00ED42F1 /* TFSwizzleMethod.m */,
				B0DA371E1CC5C38A000F6683 /* TFValidateUtility.h */,
				B0DA371F1CC5C38A000F6683 /* TFValidateUtility.m */,
			);
			path = Utility;
			sourceTree = "<group>";
		};
		B04860501CBB640E00DE6770 /* Cache */ = {
			isa = PBXGroup;
			children = (
				B04860511CBB640E00DE6770 /* TFKVStorage.h */,
				B04860521CBB640E00DE6770 /* TFKVStorage.m */,
			);
			path = Cache;
			sourceTree = "<group>";
		};
		B07CBA2E1CBB8FFF004A81F2 /* Model */ = {
			isa = PBXGroup;
			children = (
				B07CBA2F1CBB910B004A81F2 /* TFModel.h */,
				B07CBA301CBB910B004A81F2 /* TFModel.m */,
			);
			path = Model;
			sourceTree = "<group>";
		};
		B0E82FA01CB9F14000655B66 /* UIViewController */ = {
			isa = PBXGroup;
			children = (
				6C654ECA1D795BD900757341 /* UIViewController+EmptyState.h */,
				6C654ECB1D795BD900757341 /* UIViewController+EmptyState.m */,
				6C654ECC1D795BD900757341 /* UIViewController+Toast.h */,
				6C654ECD1D795BD900757341 /* UIViewController+Toast.m */,
				C46D84B81D5334B2009F65AF /* TFPageViewController.h */,
				C46D84B91D5334B2009F65AF /* TFPageViewController.m */,
				B0E82FA11CB9F15300655B66 /* TFViewController.h */,
				B0E82FA21CB9F15300655B66 /* TFViewController.m */,
				B0E82FA41CB9F16500655B66 /* TFTableViewController.h */,
				B0E82FA51CB9F16500655B66 /* TFTableViewController.m */,
				B0E82FD51CBA1F0300655B66 /* TFWebViewController.h */,
				B0E82FD61CBA1F0300655B66 /* TFWebViewController.m */,
				B0E82FD91CBA236000655B66 /* TFNavigationController.h */,
				B0E82FDA1CBA236000655B66 /* TFNavigationController.m */,
			);
			path = UIViewController;
			sourceTree = "<group>";
		};
		B0E82FA71CB9F17300655B66 /* UIView */ = {
			isa = PBXGroup;
			children = (
				6C654EC71D79599C00757341 /* UIView+EmptyDataSet.h */,
				6C654EC81D79599C00757341 /* UIView+EmptyDataSet.m */,
				C46D84AF1D5334AB009F65AF /* TFSegmentView.h */,
				C46D84B01D5334AB009F65AF /* TFSegmentView.m */,
				C46D84B11D5334AB009F65AF /* TFSegmentViewTitleCell.h */,
				C46D84B21D5334AB009F65AF /* TFSegmentViewTitleCell.m */,
				C46D84B31D5334AB009F65AF /* TFViewControllerPageNode.h */,
				C46D84B41D5334AB009F65AF /* TFViewControllerPageNode.m */,
				B048604A1CBB471B00DE6770 /* TFAlertView.h */,
				B048604B1CBB471B00DE6770 /* TFAlertView.m */,
				B048604D1CBB4D3A00DE6770 /* TFStateView.h */,
				B048604E1CBB4D3A00DE6770 /* TFStateView.m */,
				B04860561CBB820C00DE6770 /* TFSplashView.h */,
				B04860571CBB820C00DE6770 /* TFSplashView.m */,
			);
			path = UIView;
			sourceTree = "<group>";
		};
		B0E82FC91CBA1BBB00655B66 /* Style */ = {
			isa = PBXGroup;
			children = (
				B0E82FCA1CBA1BD100655B66 /* TFStyle.h */,
				B0E82FCB1CBA1BD100655B66 /* TFStyle.m */,
				B0E82FCD1CBA1D6500655B66 /* TFDefaultStyle.h */,
				B0E82FCE1CBA1D6500655B66 /* TFDefaultStyle.m */,
			);
			path = Style;
			sourceTree = "<group>";
		};
/* End PBXGroup section */

/* Begin PBXNativeTarget section */
		B03ABEDE1CAB5AC4004067CA /* TFCoreFoundation */ = {
			isa = PBXNativeTarget;
			buildConfigurationList = B03ABF0C1CAB5AC4004067CA /* Build configuration list for PBXNativeTarget "TFCoreFoundation" */;
			buildPhases = (
				C2C410497EABAA57FF0CF1DA /* [CP] Check Pods Manifest.lock */,
				B03ABEDB1CAB5AC4004067CA /* Sources */,
				B03ABEDC1CAB5AC4004067CA /* Frameworks */,
				B03ABEDD1CAB5AC4004067CA /* Resources */,
				0EDCEE4426E6DFFE83364A75 /* [CP] Embed Pods Frameworks */,
				DFF274BDDBC8DFE680F73F38 /* [CP] Copy Pods Resources */,
			);
			buildRules = (
			);
			dependencies = (
			);
			name = TFCoreFoundation;
			productName = TFCoreFoundation;
			productReference = B03ABEDF1CAB5AC4004067CA /* TFCoreFoundation.app */;
			productType = "com.apple.product-type.application";
		};
		B03ABEF71CAB5AC4004067CA /* TFCoreFoundationTests */ = {
			isa = PBXNativeTarget;
			buildConfigurationList = B03ABF0F1CAB5AC4004067CA /* Build configuration list for PBXNativeTarget "TFCoreFoundationTests" */;
			buildPhases = (
				B03ABEF41CAB5AC4004067CA /* Sources */,
				B03ABEF51CAB5AC4004067CA /* Frameworks */,
				B03ABEF61CAB5AC4004067CA /* Resources */,
			);
			buildRules = (
			);
			dependencies = (
				B03ABEFA1CAB5AC4004067CA /* PBXTargetDependency */,
			);
			name = TFCoreFoundationTests;
			productName = TFCoreFoundationTests;
			productReference = B03ABEF81CAB5AC4004067CA /* TFCoreFoundationTests.xctest */;
			productType = "com.apple.product-type.bundle.unit-test";
		};
		B03ABF021CAB5AC4004067CA /* TFCoreFoundationUITests */ = {
			isa = PBXNativeTarget;
			buildConfigurationList = B03ABF121CAB5AC4004067CA /* Build configuration list for PBXNativeTarget "TFCoreFoundationUITests" */;
			buildPhases = (
				B03ABEFF1CAB5AC4004067CA /* Sources */,
				B03ABF001CAB5AC4004067CA /* Frameworks */,
				B03ABF011CAB5AC4004067CA /* Resources */,
			);
			buildRules = (
			);
			dependencies = (
				B03ABF051CAB5AC4004067CA /* PBXTargetDependency */,
			);
			name = TFCoreFoundationUITests;
			productName = TFCoreFoundationUITests;
			productReference = B03ABF031CAB5AC4004067CA /* TFCoreFoundationUITests.xctest */;
			productType = "com.apple.product-type.bundle.ui-testing";
		};
/* End PBXNativeTarget section */

/* Begin PBXProject section */
		B03ABED71CAB5AC4004067CA /* Project object */ = {
			isa = PBXProject;
			attributes = {
				LastUpgradeCheck = 0730;
				ORGANIZATIONNAME = TimeFace;
				TargetAttributes = {
					B03ABEDE1CAB5AC4004067CA = {
						CreatedOnToolsVersion = 7.3;
						DevelopmentTeam = N7HPU2D4KX;
					};
					B03ABEF71CAB5AC4004067CA = {
						CreatedOnToolsVersion = 7.3;
						TestTargetID = B03ABEDE1CAB5AC4004067CA;
					};
					B03ABF021CAB5AC4004067CA = {
						CreatedOnToolsVersion = 7.3;
						TestTargetID = B03ABEDE1CAB5AC4004067CA;
					};
				};
			};
			buildConfigurationList = B03ABEDA1CAB5AC4004067CA /* Build configuration list for PBXProject "TFCoreFoundation" */;
			compatibilityVersion = "Xcode 3.2";
			developmentRegion = English;
			hasScannedForEncodings = 0;
			knownRegions = (
				en,
				Base,
			);
			mainGroup = B03ABED61CAB5AC4004067CA;
			productRefGroup = B03ABEE01CAB5AC4004067CA /* Products */;
			projectDirPath = "";
			projectRoot = "";
			targets = (
				B03ABEDE1CAB5AC4004067CA /* TFCoreFoundation */,
				B03ABEF71CAB5AC4004067CA /* TFCoreFoundationTests */,
				B03ABF021CAB5AC4004067CA /* TFCoreFoundationUITests */,
			);
		};
/* End PBXProject section */

/* Begin PBXResourcesBuildPhase section */
		B03ABEDD1CAB5AC4004067CA /* Resources */ = {
			isa = PBXResourcesBuildPhase;
			buildActionMask = 2147483647;
			files = (
				B03ABEF21CAB5AC4004067CA /* LaunchScreen.storyboard in Resources */,
				B03ABEEF1CAB5AC4004067CA /* Assets.xcassets in Resources */,
				B03ABEED1CAB5AC4004067CA /* Main.storyboard in Resources */,
			);
			runOnlyForDeploymentPostprocessing = 0;
		};
		B03ABEF61CAB5AC4004067CA /* Resources */ = {
			isa = PBXResourcesBuildPhase;
			buildActionMask = 2147483647;
			files = (
			);
			runOnlyForDeploymentPostprocessing = 0;
		};
		B03ABF011CAB5AC4004067CA /* Resources */ = {
			isa = PBXResourcesBuildPhase;
			buildActionMask = 2147483647;
			files = (
			);
			runOnlyForDeploymentPostprocessing = 0;
		};
/* End PBXResourcesBuildPhase section */

/* Begin PBXShellScriptBuildPhase section */
		0EDCEE4426E6DFFE83364A75 /* [CP] Embed Pods Frameworks */ = {
			isa = PBXShellScriptBuildPhase;
			buildActionMask = 2147483647;
			files = (
			);
			inputPaths = (
			);
			name = "[CP] Embed Pods Frameworks";
			outputPaths = (
			);
			runOnlyForDeploymentPostprocessing = 0;
			shellPath = /bin/sh;
			shellScript = "\"${SRCROOT}/Pods/Target Support Files/Pods-TFCoreFoundation/Pods-TFCoreFoundation-frameworks.sh\"\n";
			showEnvVarsInLog = 0;
		};
		C2C410497EABAA57FF0CF1DA /* [CP] Check Pods Manifest.lock */ = {
			isa = PBXShellScriptBuildPhase;
			buildActionMask = 2147483647;
			files = (
			);
			inputPaths = (
			);
			name = "[CP] Check Pods Manifest.lock";
			outputPaths = (
			);
			runOnlyForDeploymentPostprocessing = 0;
			shellPath = /bin/sh;
			shellScript = "diff \"${PODS_ROOT}/../Podfile.lock\" \"${PODS_ROOT}/Manifest.lock\" > /dev/null\nif [[ $? != 0 ]] ; then\n    cat << EOM\nerror: The sandbox is not in sync with the Podfile.lock. Run 'pod install' or update your CocoaPods installation.\nEOM\n    exit 1\nfi\n";
			showEnvVarsInLog = 0;
		};
		DFF274BDDBC8DFE680F73F38 /* [CP] Copy Pods Resources */ = {
			isa = PBXShellScriptBuildPhase;
			buildActionMask = 2147483647;
			files = (
			);
			inputPaths = (
			);
			name = "[CP] Copy Pods Resources";
			outputPaths = (
			);
			runOnlyForDeploymentPostprocessing = 0;
			shellPath = /bin/sh;
			shellScript = "\"${SRCROOT}/Pods/Target Support Files/Pods-TFCoreFoundation/Pods-TFCoreFoundation-resources.sh\"\n";
			showEnvVarsInLog = 0;
		};
/* End PBXShellScriptBuildPhase section */

/* Begin PBXSourcesBuildPhase section */
		B03ABEDB1CAB5AC4004067CA /* Sources */ = {
			isa = PBXSourcesBuildPhase;
			buildActionMask = 2147483647;
			files = (
				B03ABEEA1CAB5AC4004067CA /* ViewController.m in Sources */,
				B0E82FDB1CBA236000655B66 /* TFNavigationController.m in Sources */,
				B0E82F9C1CB9EF6100655B66 /* UIApplication+TFCore.m in Sources */,
				B07CBA311CBB910B004A81F2 /* TFModel.m in Sources */,
				B043356F1CABB36C00960551 /* NSDictionary+TFCore.m in Sources */,
				B043355B1CABA47200960551 /* NSObject+TFCoreForKVO.m in Sources */,
				C46D84B51D5334AB009F65AF /* TFSegmentView.m in Sources */,
				B0E82FB31CB9F3B100655B66 /* UIControl+TFCore.m in Sources */,
				C46D84BA1D5334B2009F65AF /* TFPageViewController.m in Sources */,
				B0E82FB91CB9F53600655B66 /* UIGestureRecognizer+TFCore.m in Sources */,
				B0E82FB61CB9F42500655B66 /* UIFont+TFCore.m in Sources */,
				B04860491CBB419600DE6770 /* TFViewTransitionAnimator.m in Sources */,
				B0D5EA2E1CBE36F100ED42F1 /* UINavigationController+TFCore.m in Sources */,
				B04335721CABB5B500960551 /* NSDate+TFCore.m in Sources */,
				B043355E1CABA51A00960551 /* NSString+TFCore.m in Sources */,
				B0E82FAD1CB9F22000655B66 /* UIBezierPath+TFCore.m in Sources */,
				B0E82FC81CB9F84100655B66 /* UITextField+TFCore.m in Sources */,
				B0E82FD41CBA1DC600655B66 /* TFCoreFoundationMacro.m in Sources */,
				B0E82FD71CBA1F0300655B66 /* TFWebViewController.m in Sources */,
				B04335641CABAA5700960551 /* NSData+TFCore.m in Sources */,
				B04860531CBB640E00DE6770 /* TFKVStorage.m in Sources */,
				B0E82FAA1CB9F1AD00655B66 /* UIBarButtonItem+TFCore.m in Sources */,
				6C654ECF1D795BD900757341 /* UIViewController+Toast.m in Sources */,
				6C654ECE1D795BD900757341 /* UIViewController+EmptyState.m in Sources */,
				B0E82F991CB9EE9A00655B66 /* TFCGUtilities.m in Sources */,
				6C654EC91D79599C00757341 /* UIView+EmptyDataSet.m in Sources */,
				B0E82FE11CBA23D700655B66 /* UIViewController+TFCore.m in Sources */,
				B048604C1CBB471B00DE6770 /* TFAlertView.m in Sources */,
				B03ABEE71CAB5AC4004067CA /* AppDelegate.m in Sources */,
				B04335751CABB70000960551 /* NSNotificationCenter+TFCore.m in Sources */,
				B0E82FB01CB9F27E00655B66 /* UIColor+TFCore.m in Sources */,
				B0E82FBC1CB9F59B00655B66 /* UIImage+TFCore.m in Sources */,
				B04335581CABA1CD00960551 /* NSObject+TFCore.m in Sources */,
				B04335671CABAC2D00960551 /* UIDevice+TFCore.m in Sources */,
				B0D5EA2B1CBE368A00ED42F1 /* TFSwizzleMethod.m in Sources */,
				B0E82FA61CB9F16500655B66 /* TFTableViewController.m in Sources */,
				B0E82FA31CB9F15300655B66 /* TFViewController.m in Sources */,
				B04860581CBB820C00DE6770 /* TFSplashView.m in Sources */,
				B04860431CBB3E3F00DE6770 /* TFDirectionalPanGestureRecognizer.m in Sources */,
				B0DA37201CC5C38A000F6683 /* TFValidateUtility.m in Sources */,
				B0E82F9F1CB9EFE800655B66 /* UIView+TFCore.m in Sources */,
				B0E82FDE1CBA238400655B66 /* UIWebView+TFCore.m in Sources */,
				C46D84B61D5334AB009F65AF /* TFSegmentViewTitleCell.m in Sources */,
				B04335611CABA8BD00960551 /* NSNumber+TFCore.m in Sources */,
				B0E82FCC1CBA1BD100655B66 /* TFStyle.m in Sources */,
				B03ABEE41CAB5AC4004067CA /* main.m in Sources */,
				B0E82FC51CB9F7E200655B66 /* UITableView+TFCore.m in Sources */,
				B07CBA2B1CBB875D004A81F2 /* YYImage+TFCore.m in Sources */,
				B0E82FCF1CBA1D6500655B66 /* TFDefaultStyle.m in Sources */,
				C46D84B71D5334AB009F65AF /* TFViewControllerPageNode.m in Sources */,
				B0E82FBF1CB9F6D900655B66 /* UIScreen+TFCore.m in Sources */,
				B043356C1CABB19800960551 /* NSArray+TFCore.m in Sources */,
				B048604F1CBB4D3A00DE6770 /* TFStateView.m in Sources */,
				B0E82FC21CB9F7A600655B66 /* UIScrollView+TFCore.m in Sources */,
				B0E82F961CB9EE0200655B66 /* UIAlertController+TFCore.m in Sources */,
			);
			runOnlyForDeploymentPostprocessing = 0;
		};
		B03ABEF41CAB5AC4004067CA /* Sources */ = {
			isa = PBXSourcesBuildPhase;
			buildActionMask = 2147483647;
			files = (
				B03ABEFD1CAB5AC4004067CA /* TFCoreFoundationTests.m in Sources */,
			);
			runOnlyForDeploymentPostprocessing = 0;
		};
		B03ABEFF1CAB5AC4004067CA /* Sources */ = {
			isa = PBXSourcesBuildPhase;
			buildActionMask = 2147483647;
			files = (
				B03ABF081CAB5AC4004067CA /* TFCoreFoundationUITests.m in Sources */,
			);
			runOnlyForDeploymentPostprocessing = 0;
		};
/* End PBXSourcesBuildPhase section */

/* Begin PBXTargetDependency section */
		B03ABEFA1CAB5AC4004067CA /* PBXTargetDependency */ = {
			isa = PBXTargetDependency;
			target = B03ABEDE1CAB5AC4004067CA /* TFCoreFoundation */;
			targetProxy = B03ABEF91CAB5AC4004067CA /* PBXContainerItemProxy */;
		};
		B03ABF051CAB5AC4004067CA /* PBXTargetDependency */ = {
			isa = PBXTargetDependency;
			target = B03ABEDE1CAB5AC4004067CA /* TFCoreFoundation */;
			targetProxy = B03ABF041CAB5AC4004067CA /* PBXContainerItemProxy */;
		};
/* End PBXTargetDependency section */

/* Begin PBXVariantGroup section */
		B03ABEEB1CAB5AC4004067CA /* Main.storyboard */ = {
			isa = PBXVariantGroup;
			children = (
				B03ABEEC1CAB5AC4004067CA /* Base */,
			);
			name = Main.storyboard;
			sourceTree = "<group>";
		};
		B03ABEF01CAB5AC4004067CA /* LaunchScreen.storyboard */ = {
			isa = PBXVariantGroup;
			children = (
				B03ABEF11CAB5AC4004067CA /* Base */,
			);
			name = LaunchScreen.storyboard;
			sourceTree = "<group>";
		};
/* End PBXVariantGroup section */

/* Begin XCBuildConfiguration section */
		B03ABF0A1CAB5AC4004067CA /* Debug */ = {
			isa = XCBuildConfiguration;
			buildSettings = {
				ALWAYS_SEARCH_USER_PATHS = NO;
				CLANG_ANALYZER_NONNULL = YES;
				CLANG_CXX_LANGUAGE_STANDARD = "gnu++0x";
				CLANG_CXX_LIBRARY = "libc++";
				CLANG_ENABLE_MODULES = YES;
				CLANG_ENABLE_OBJC_ARC = YES;
				CLANG_WARN_BOOL_CONVERSION = YES;
				CLANG_WARN_CONSTANT_CONVERSION = YES;
				CLANG_WARN_DIRECT_OBJC_ISA_USAGE = YES_ERROR;
				CLANG_WARN_EMPTY_BODY = YES;
				CLANG_WARN_ENUM_CONVERSION = YES;
				CLANG_WARN_INT_CONVERSION = YES;
				CLANG_WARN_OBJC_ROOT_CLASS = YES_ERROR;
				CLANG_WARN_UNREACHABLE_CODE = YES;
				CLANG_WARN__DUPLICATE_METHOD_MATCH = YES;
				"CODE_SIGN_IDENTITY[sdk=iphoneos*]" = "iPhone Developer";
				COPY_PHASE_STRIP = NO;
				DEBUG_INFORMATION_FORMAT = dwarf;
				ENABLE_STRICT_OBJC_MSGSEND = YES;
				ENABLE_TESTABILITY = YES;
				GCC_C_LANGUAGE_STANDARD = gnu99;
				GCC_DYNAMIC_NO_PIC = NO;
				GCC_NO_COMMON_BLOCKS = YES;
				GCC_OPTIMIZATION_LEVEL = 0;
				GCC_PREPROCESSOR_DEFINITIONS = (
					"DEBUG=1",
					"$(inherited)",
				);
				GCC_WARN_64_TO_32_BIT_CONVERSION = YES;
				GCC_WARN_ABOUT_RETURN_TYPE = YES_ERROR;
				GCC_WARN_UNDECLARED_SELECTOR = YES;
				GCC_WARN_UNINITIALIZED_AUTOS = YES_AGGRESSIVE;
				GCC_WARN_UNUSED_FUNCTION = YES;
				GCC_WARN_UNUSED_VARIABLE = YES;
				IPHONEOS_DEPLOYMENT_TARGET = 8.0;
				MTL_ENABLE_DEBUG_INFO = YES;
				ONLY_ACTIVE_ARCH = YES;
				SDKROOT = iphoneos;
			};
			name = Debug;
		};
		B03ABF0B1CAB5AC4004067CA /* Release */ = {
			isa = XCBuildConfiguration;
			buildSettings = {
				ALWAYS_SEARCH_USER_PATHS = NO;
				CLANG_ANALYZER_NONNULL = YES;
				CLANG_CXX_LANGUAGE_STANDARD = "gnu++0x";
				CLANG_CXX_LIBRARY = "libc++";
				CLANG_ENABLE_MODULES = YES;
				CLANG_ENABLE_OBJC_ARC = YES;
				CLANG_WARN_BOOL_CONVERSION = YES;
				CLANG_WARN_CONSTANT_CONVERSION = YES;
				CLANG_WARN_DIRECT_OBJC_ISA_USAGE = YES_ERROR;
				CLANG_WARN_EMPTY_BODY = YES;
				CLANG_WARN_ENUM_CONVERSION = YES;
				CLANG_WARN_INT_CONVERSION = YES;
				CLANG_WARN_OBJC_ROOT_CLASS = YES_ERROR;
				CLANG_WARN_UNREACHABLE_CODE = YES;
				CLANG_WARN__DUPLICATE_METHOD_MATCH = YES;
				"CODE_SIGN_IDENTITY[sdk=iphoneos*]" = "iPhone Developer";
				COPY_PHASE_STRIP = NO;
				DEBUG_INFORMATION_FORMAT = "dwarf-with-dsym";
				ENABLE_NS_ASSERTIONS = NO;
				ENABLE_STRICT_OBJC_MSGSEND = YES;
				GCC_C_LANGUAGE_STANDARD = gnu99;
				GCC_NO_COMMON_BLOCKS = YES;
				GCC_WARN_64_TO_32_BIT_CONVERSION = YES;
				GCC_WARN_ABOUT_RETURN_TYPE = YES_ERROR;
				GCC_WARN_UNDECLARED_SELECTOR = YES;
				GCC_WARN_UNINITIALIZED_AUTOS = YES_AGGRESSIVE;
				GCC_WARN_UNUSED_FUNCTION = YES;
				GCC_WARN_UNUSED_VARIABLE = YES;
				IPHONEOS_DEPLOYMENT_TARGET = 8.0;
				MTL_ENABLE_DEBUG_INFO = NO;
				SDKROOT = iphoneos;
				VALIDATE_PRODUCT = YES;
			};
			name = Release;
		};
		B03ABF0D1CAB5AC4004067CA /* Debug */ = {
			isa = XCBuildConfiguration;
			baseConfigurationReference = C8924AE191CF82B0A0DF3044 /* Pods-TFCoreFoundation.debug.xcconfig */;
			buildSettings = {
				ASSETCATALOG_COMPILER_APPICON_NAME = AppIcon;
				CODE_SIGN_IDENTITY = "iPhone Developer";
				INFOPLIST_FILE = TFCoreFoundation/Info.plist;
				LD_RUNPATH_SEARCH_PATHS = "$(inherited) @executable_path/Frameworks";
				PRODUCT_BUNDLE_IDENTIFIER = cn.timeface.base.TFCoreFoundation;
				PRODUCT_NAME = "$(TARGET_NAME)";
			};
			name = Debug;
		};
		B03ABF0E1CAB5AC4004067CA /* Release */ = {
			isa = XCBuildConfiguration;
			baseConfigurationReference = EF9A1DB4F620DCD06F118A37 /* Pods-TFCoreFoundation.release.xcconfig */;
			buildSettings = {
				ASSETCATALOG_COMPILER_APPICON_NAME = AppIcon;
				CODE_SIGN_IDENTITY = "iPhone Developer";
				INFOPLIST_FILE = TFCoreFoundation/Info.plist;
				LD_RUNPATH_SEARCH_PATHS = "$(inherited) @executable_path/Frameworks";
				PRODUCT_BUNDLE_IDENTIFIER = cn.timeface.base.TFCoreFoundation;
				PRODUCT_NAME = "$(TARGET_NAME)";
			};
			name = Release;
		};
		B03ABF101CAB5AC4004067CA /* Debug */ = {
			isa = XCBuildConfiguration;
			buildSettings = {
				BUNDLE_LOADER = "$(TEST_HOST)";
				INFOPLIST_FILE = TFCoreFoundationTests/Info.plist;
				LD_RUNPATH_SEARCH_PATHS = "$(inherited) @executable_path/Frameworks @loader_path/Frameworks";
				PRODUCT_BUNDLE_IDENTIFIER = cn.timeface.base.TFCoreFoundationTests;
				PRODUCT_NAME = "$(TARGET_NAME)";
				TEST_HOST = "$(BUILT_PRODUCTS_DIR)/TFCoreFoundation.app/TFCoreFoundation";
			};
			name = Debug;
		};
		B03ABF111CAB5AC4004067CA /* Release */ = {
			isa = XCBuildConfiguration;
			buildSettings = {
				BUNDLE_LOADER = "$(TEST_HOST)";
				INFOPLIST_FILE = TFCoreFoundationTests/Info.plist;
				LD_RUNPATH_SEARCH_PATHS = "$(inherited) @executable_path/Frameworks @loader_path/Frameworks";
				PRODUCT_BUNDLE_IDENTIFIER = cn.timeface.base.TFCoreFoundationTests;
				PRODUCT_NAME = "$(TARGET_NAME)";
				TEST_HOST = "$(BUILT_PRODUCTS_DIR)/TFCoreFoundation.app/TFCoreFoundation";
			};
			name = Release;
		};
		B03ABF131CAB5AC4004067CA /* Debug */ = {
			isa = XCBuildConfiguration;
			buildSettings = {
				INFOPLIST_FILE = TFCoreFoundationUITests/Info.plist;
				LD_RUNPATH_SEARCH_PATHS = "$(inherited) @executable_path/Frameworks @loader_path/Frameworks";
				PRODUCT_BUNDLE_IDENTIFIER = cn.timeface.base.TFCoreFoundationUITests;
				PRODUCT_NAME = "$(TARGET_NAME)";
				TEST_TARGET_NAME = TFCoreFoundation;
			};
			name = Debug;
		};
		B03ABF141CAB5AC4004067CA /* Release */ = {
			isa = XCBuildConfiguration;
			buildSettings = {
				INFOPLIST_FILE = TFCoreFoundationUITests/Info.plist;
				LD_RUNPATH_SEARCH_PATHS = "$(inherited) @executable_path/Frameworks @loader_path/Frameworks";
				PRODUCT_BUNDLE_IDENTIFIER = cn.timeface.base.TFCoreFoundationUITests;
				PRODUCT_NAME = "$(TARGET_NAME)";
				TEST_TARGET_NAME = TFCoreFoundation;
			};
			name = Release;
		};
/* End XCBuildConfiguration section */

/* Begin XCConfigurationList section */
		B03ABEDA1CAB5AC4004067CA /* Build configuration list for PBXProject "TFCoreFoundation" */ = {
			isa = XCConfigurationList;
			buildConfigurations = (
				B03ABF0A1CAB5AC4004067CA /* Debug */,
				B03ABF0B1CAB5AC4004067CA /* Release */,
			);
			defaultConfigurationIsVisible = 0;
			defaultConfigurationName = Release;
		};
		B03ABF0C1CAB5AC4004067CA /* Build configuration list for PBXNativeTarget "TFCoreFoundation" */ = {
			isa = XCConfigurationList;
			buildConfigurations = (
				B03ABF0D1CAB5AC4004067CA /* Debug */,
				B03ABF0E1CAB5AC4004067CA /* Release */,
			);
			defaultConfigurationIsVisible = 0;
			defaultConfigurationName = Release;
		};
		B03ABF0F1CAB5AC4004067CA /* Build configuration list for PBXNativeTarget "TFCoreFoundationTests" */ = {
			isa = XCConfigurationList;
			buildConfigurations = (
				B03ABF101CAB5AC4004067CA /* Debug */,
				B03ABF111CAB5AC4004067CA /* Release */,
			);
			defaultConfigurationIsVisible = 0;
			defaultConfigurationName = Release;
		};
		B03ABF121CAB5AC4004067CA /* Build configuration list for PBXNativeTarget "TFCoreFoundationUITests" */ = {
			isa = XCConfigurationList;
			buildConfigurations = (
				B03ABF131CAB5AC4004067CA /* Debug */,
				B03ABF141CAB5AC4004067CA /* Release */,
			);
			defaultConfigurationIsVisible = 0;
			defaultConfigurationName = Release;
		};
/* End XCConfigurationList section */
	};
	rootObject = B03ABED71CAB5AC4004067CA /* Project object */;
}
