<?xml version="1.0" encoding="UTF-8"?>
<!DOCTYPE plist PUBLIC "-//Apple//DTD PLIST 1.0//EN" "http://www.apple.com/DTDs/PropertyList-1.0.dtd">
<plist version="1.0">
<dict>
	<key>archiveVersion</key>
	<string>1</string>
	<key>classes</key>
	<dict/>
	<key>objectVersion</key>
	<string>46</string>
	<key>objects</key>
	<dict>
		<key>0B2CEA0D2EC6EA3717327D29</key>
		<dict>
			<key>children</key>
			<array>
				<string>B04860541CBB642400DE6770</string>
				<string>B04335681CABB17900960551</string>
				<string>5D03EFAAF3A21FBE631A045B</string>
			</array>
			<key>isa</key>
			<string>PBXGroup</string>
			<key>name</key>
			<string>Frameworks</string>
			<key>sourceTree</key>
			<string>&lt;group&gt;</string>
		</dict>
		<key>0C5B09AB5709EFB3D0233DDD</key>
		<dict>
			<key>fileRef</key>
			<string>5D03EFAAF3A21FBE631A045B</string>
			<key>isa</key>
			<string>PBXBuildFile</string>
		</dict>
		<key>0EDCEE4426E6DFFE83364A75</key>
		<dict>
			<key>buildActionMask</key>
			<string>2147483647</string>
			<key>files</key>
			<array/>
			<key>inputPaths</key>
			<array/>
			<key>isa</key>
			<string>PBXShellScriptBuildPhase</string>
			<key>name</key>
			<string>[CP] Embed Pods Frameworks</string>
			<key>outputPaths</key>
			<array/>
			<key>runOnlyForDeploymentPostprocessing</key>
			<string>0</string>
			<key>shellPath</key>
			<string>/bin/sh</string>
			<key>shellScript</key>
			<string>"${SRCROOT}/Pods/Target Support Files/Pods-TFCoreFoundation/Pods-TFCoreFoundation-frameworks.sh"
</string>
			<key>showEnvVarsInLog</key>
			<string>0</string>
		</dict>
		<key>5680D5ADFDCD0F8086CC2B79</key>
		<dict>
			<key>buildActionMask</key>
			<string>2147483647</string>
			<key>files</key>
			<array/>
			<key>inputPaths</key>
			<array/>
			<key>isa</key>
			<string>PBXShellScriptBuildPhase</string>
			<key>name</key>
			<string>Embed Pods Frameworks</string>
			<key>outputPaths</key>
			<array/>
			<key>runOnlyForDeploymentPostprocessing</key>
			<string>0</string>
			<key>shellPath</key>
			<string>/bin/sh</string>
			<key>shellScript</key>
			<string>"${SRCROOT}/Pods/Target Support Files/Pods-TFCoreFoundation/Pods-TFCoreFoundation-frameworks.sh"
</string>
			<key>showEnvVarsInLog</key>
			<string>0</string>
		</dict>
		<key>5D03EFAAF3A21FBE631A045B</key>
		<dict>
			<key>explicitFileType</key>
			<string>archive.ar</string>
			<key>includeInIndex</key>
			<string>0</string>
			<key>isa</key>
			<string>PBXFileReference</string>
			<key>path</key>
			<string>libPods-TFCoreFoundation.a</string>
			<key>sourceTree</key>
			<string>BUILT_PRODUCTS_DIR</string>
		</dict>
		<key>7E2FC0CD7D1E883A967F3D58</key>
		<dict>
			<key>children</key>
			<array>
				<string>C8924AE191CF82B0A0DF3044</string>
				<string>EF9A1DB4F620DCD06F118A37</string>
			</array>
			<key>isa</key>
			<string>PBXGroup</string>
			<key>name</key>
			<string>Pods</string>
			<key>sourceTree</key>
			<string>&lt;group&gt;</string>
		</dict>
		<key>B03ABED61CAB5AC4004067CA</key>
		<dict>
			<key>children</key>
			<array>
				<string>B03ABEE11CAB5AC4004067CA</string>
				<string>B03ABEFB1CAB5AC4004067CA</string>
				<string>B03ABF061CAB5AC4004067CA</string>
				<string>B03ABEE01CAB5AC4004067CA</string>
				<string>0B2CEA0D2EC6EA3717327D29</string>
				<string>7E2FC0CD7D1E883A967F3D58</string>
			</array>
			<key>isa</key>
			<string>PBXGroup</string>
			<key>sourceTree</key>
			<string>&lt;group&gt;</string>
		</dict>
		<key>B03ABED71CAB5AC4004067CA</key>
		<dict>
			<key>attributes</key>
			<dict>
				<key>LastUpgradeCheck</key>
				<string>0730</string>
				<key>ORGANIZATIONNAME</key>
				<string>TimeFace</string>
				<key>TargetAttributes</key>
				<dict>
					<key>B03ABEDE1CAB5AC4004067CA</key>
					<dict>
						<key>CreatedOnToolsVersion</key>
						<string>7.3</string>
						<key>DevelopmentTeam</key>
						<string>N7HPU2D4KX</string>
					</dict>
					<key>B03ABEF71CAB5AC4004067CA</key>
					<dict>
						<key>CreatedOnToolsVersion</key>
						<string>7.3</string>
						<key>TestTargetID</key>
						<string>B03ABEDE1CAB5AC4004067CA</string>
					</dict>
					<key>B03ABF021CAB5AC4004067CA</key>
					<dict>
						<key>CreatedOnToolsVersion</key>
						<string>7.3</string>
						<key>TestTargetID</key>
						<string>B03ABEDE1CAB5AC4004067CA</string>
					</dict>
				</dict>
			</dict>
			<key>buildConfigurationList</key>
			<string>B03ABEDA1CAB5AC4004067CA</string>
			<key>compatibilityVersion</key>
			<string>Xcode 3.2</string>
			<key>developmentRegion</key>
			<string>English</string>
			<key>hasScannedForEncodings</key>
			<string>0</string>
			<key>isa</key>
			<string>PBXProject</string>
			<key>knownRegions</key>
			<array>
				<string>en</string>
				<string>Base</string>
			</array>
			<key>mainGroup</key>
			<string>B03ABED61CAB5AC4004067CA</string>
			<key>productRefGroup</key>
			<string>B03ABEE01CAB5AC4004067CA</string>
			<key>projectDirPath</key>
			<string></string>
			<key>projectReferences</key>
			<array/>
			<key>projectRoot</key>
			<string></string>
			<key>targets</key>
			<array>
				<string>B03ABEDE1CAB5AC4004067CA</string>
				<string>B03ABEF71CAB5AC4004067CA</string>
				<string>B03ABF021CAB5AC4004067CA</string>
			</array>
		</dict>
		<key>B03ABEDA1CAB5AC4004067CA</key>
		<dict>
			<key>buildConfigurations</key>
			<array>
				<string>B03ABF0A1CAB5AC4004067CA</string>
				<string>B03ABF0B1CAB5AC4004067CA</string>
			</array>
			<key>defaultConfigurationIsVisible</key>
			<string>0</string>
			<key>defaultConfigurationName</key>
			<string>Release</string>
			<key>isa</key>
			<string>XCConfigurationList</string>
		</dict>
		<key>B03ABEDB1CAB5AC4004067CA</key>
		<dict>
			<key>buildActionMask</key>
			<string>2147483647</string>
			<key>files</key>
			<array>
				<string>B03ABEEA1CAB5AC4004067CA</string>
				<string>B0E82FDB1CBA236000655B66</string>
				<string>B0E82F9C1CB9EF6100655B66</string>
				<string>B07CBA311CBB910B004A81F2</string>
				<string>B043356F1CABB36C00960551</string>
				<string>C4EA330E1D86929000A18336</string>
				<string>B043355B1CABA47200960551</string>
				<string>C46D84B51D5334AB009F65AF</string>
				<string>B0E82FB31CB9F3B100655B66</string>
				<string>C46D84BA1D5334B2009F65AF</string>
				<string>B0E82FB91CB9F53600655B66</string>
				<string>B0E82FB61CB9F42500655B66</string>
				<string>B04860491CBB419600DE6770</string>
				<string>B0D5EA2E1CBE36F100ED42F1</string>
				<string>B04335721CABB5B500960551</string>
				<string>B043355E1CABA51A00960551</string>
				<string>B0E82FAD1CB9F22000655B66</string>
				<string>B0E82FC81CB9F84100655B66</string>
				<string>B0E82FD41CBA1DC600655B66</string>
				<string>B0E82FD71CBA1F0300655B66</string>
				<string>B04335641CABAA5700960551</string>
				<string>B04860531CBB640E00DE6770</string>
				<string>C4EA33141D8697F800A18336</string>
				<string>B0E82FAA1CB9F1AD00655B66</string>
				<string>B0E82F991CB9EE9A00655B66</string>
				<string>B0E82FE11CBA23D700655B66</string>
				<string>B048604C1CBB471B00DE6770</string>
				<string>B03ABEE71CAB5AC4004067CA</string>
				<string>B04335751CABB70000960551</string>
				<string>C4EA33111D8697CC00A18336</string>
				<string>B0E82FB01CB9F27E00655B66</string>
				<string>B0E82FBC1CB9F59B00655B66</string>
				<string>B04335581CABA1CD00960551</string>
				<string>B04335671CABAC2D00960551</string>
				<string>B0D5EA2B1CBE368A00ED42F1</string>
				<string>B0E82FA61CB9F16500655B66</string>
				<string>B0E82FA31CB9F15300655B66</string>
				<string>B04860581CBB820C00DE6770</string>
				<string>B04860431CBB3E3F00DE6770</string>
				<string>B0DA37201CC5C38A000F6683</string>
				<string>B0E82F9F1CB9EFE800655B66</string>
				<string>B0E82FDE1CBA238400655B66</string>
				<string>C46D84B61D5334AB009F65AF</string>
				<string>B04335611CABA8BD00960551</string>
				<string>B0E82FCC1CBA1BD100655B66</string>
				<string>B03ABEE41CAB5AC4004067CA</string>
				<string>B0E82FC51CB9F7E200655B66</string>
				<string>B07CBA2B1CBB875D004A81F2</string>
				<string>B0E82FCF1CBA1D6500655B66</string>
				<string>C46D84B71D5334AB009F65AF</string>
				<string>B0E82FBF1CB9F6D900655B66</string>
				<string>B043356C1CABB19800960551</string>
				<string>B0E82FC21CB9F7A600655B66</string>
				<string>B0E82F961CB9EE0200655B66</string>
			</array>
			<key>isa</key>
			<string>PBXSourcesBuildPhase</string>
			<key>runOnlyForDeploymentPostprocessing</key>
			<string>0</string>
		</dict>
		<key>B03ABEDC1CAB5AC4004067CA</key>
		<dict>
			<key>buildActionMask</key>
			<string>2147483647</string>
			<key>files</key>
			<array>
				<string>B04860551CBB642400DE6770</string>
				<string>B04335691CABB17900960551</string>
				<string>0C5B09AB5709EFB3D0233DDD</string>
			</array>
			<key>isa</key>
			<string>PBXFrameworksBuildPhase</string>
			<key>runOnlyForDeploymentPostprocessing</key>
			<string>0</string>
		</dict>
		<key>B03ABEDD1CAB5AC4004067CA</key>
		<dict>
			<key>buildActionMask</key>
			<string>2147483647</string>
			<key>files</key>
			<array>
				<string>B03ABEF21CAB5AC4004067CA</string>
				<string>B03ABEEF1CAB5AC4004067CA</string>
				<string>B03ABEED1CAB5AC4004067CA</string>
			</array>
			<key>isa</key>
			<string>PBXResourcesBuildPhase</string>
			<key>runOnlyForDeploymentPostprocessing</key>
			<string>0</string>
		</dict>
		<key>B03ABEDE1CAB5AC4004067CA</key>
		<dict>
			<key>buildConfigurationList</key>
			<string>B03ABF0C1CAB5AC4004067CA</string>
			<key>buildPhases</key>
			<array>
				<string>C2C410497EABAA57FF0CF1DA</string>
				<string>B03ABEDB1CAB5AC4004067CA</string>
				<string>B03ABEDC1CAB5AC4004067CA</string>
				<string>B03ABEDD1CAB5AC4004067CA</string>
				<string>0EDCEE4426E6DFFE83364A75</string>
				<string>DFF274BDDBC8DFE680F73F38</string>
				<string>5680D5ADFDCD0F8086CC2B79</string>
			</array>
			<key>buildRules</key>
			<array/>
			<key>dependencies</key>
			<array/>
			<key>isa</key>
			<string>PBXNativeTarget</string>
			<key>name</key>
			<string>TFCoreFoundation</string>
			<key>productName</key>
			<string>TFCoreFoundation</string>
			<key>productReference</key>
			<string>B03ABEDF1CAB5AC4004067CA</string>
			<key>productType</key>
			<string>com.apple.product-type.application</string>
		</dict>
		<key>B03ABEDF1CAB5AC4004067CA</key>
		<dict>
			<key>explicitFileType</key>
			<string>wrapper.application</string>
			<key>includeInIndex</key>
			<string>0</string>
			<key>isa</key>
			<string>PBXFileReference</string>
			<key>path</key>
			<string>TFCoreFoundation.app</string>
			<key>sourceTree</key>
			<string>BUILT_PRODUCTS_DIR</string>
		</dict>
		<key>B03ABEE01CAB5AC4004067CA</key>
		<dict>
			<key>children</key>
			<array>
				<string>B03ABEDF1CAB5AC4004067CA</string>
				<string>B03ABEF81CAB5AC4004067CA</string>
				<string>B03ABF031CAB5AC4004067CA</string>
			</array>
			<key>isa</key>
			<string>PBXGroup</string>
			<key>name</key>
			<string>Products</string>
			<key>sourceTree</key>
			<string>&lt;group&gt;</string>
		</dict>
		<key>B03ABEE11CAB5AC4004067CA</key>
		<dict>
			<key>children</key>
			<array>
				<string>B03ABF151CAB5AE6004067CA</string>
				<string>B03ABEE51CAB5AC4004067CA</string>
				<string>B03ABEE61CAB5AC4004067CA</string>
				<string>B03ABEE81CAB5AC4004067CA</string>
				<string>B03ABEE91CAB5AC4004067CA</string>
				<string>B03ABEEB1CAB5AC4004067CA</string>
				<string>B03ABEEE1CAB5AC4004067CA</string>
				<string>B03ABEF01CAB5AC4004067CA</string>
				<string>B03ABEF31CAB5AC4004067CA</string>
				<string>B03ABEE21CAB5AC4004067CA</string>
			</array>
			<key>isa</key>
			<string>PBXGroup</string>
			<key>path</key>
			<string>TFCoreFoundation</string>
			<key>sourceTree</key>
			<string>&lt;group&gt;</string>
		</dict>
		<key>B03ABEE21CAB5AC4004067CA</key>
		<dict>
			<key>children</key>
			<array>
				<string>B03ABEE31CAB5AC4004067CA</string>
			</array>
			<key>isa</key>
			<string>PBXGroup</string>
			<key>name</key>
			<string>Supporting Files</string>
			<key>sourceTree</key>
			<string>&lt;group&gt;</string>
		</dict>
		<key>B03ABEE31CAB5AC4004067CA</key>
		<dict>
			<key>isa</key>
			<string>PBXFileReference</string>
			<key>lastKnownFileType</key>
			<string>sourcecode.c.objc</string>
			<key>path</key>
			<string>main.m</string>
			<key>sourceTree</key>
			<string>&lt;group&gt;</string>
		</dict>
		<key>B03ABEE41CAB5AC4004067CA</key>
		<dict>
			<key>fileRef</key>
			<string>B03ABEE31CAB5AC4004067CA</string>
			<key>isa</key>
			<string>PBXBuildFile</string>
		</dict>
		<key>B03ABEE51CAB5AC4004067CA</key>
		<dict>
			<key>isa</key>
			<string>PBXFileReference</string>
			<key>lastKnownFileType</key>
			<string>sourcecode.c.h</string>
			<key>path</key>
			<string>AppDelegate.h</string>
			<key>sourceTree</key>
			<string>&lt;group&gt;</string>
		</dict>
		<key>B03ABEE61CAB5AC4004067CA</key>
		<dict>
			<key>isa</key>
			<string>PBXFileReference</string>
			<key>lastKnownFileType</key>
			<string>sourcecode.c.objc</string>
			<key>path</key>
			<string>AppDelegate.m</string>
			<key>sourceTree</key>
			<string>&lt;group&gt;</string>
		</dict>
		<key>B03ABEE71CAB5AC4004067CA</key>
		<dict>
			<key>fileRef</key>
			<string>B03ABEE61CAB5AC4004067CA</string>
			<key>isa</key>
			<string>PBXBuildFile</string>
		</dict>
		<key>B03ABEE81CAB5AC4004067CA</key>
		<dict>
			<key>isa</key>
			<string>PBXFileReference</string>
			<key>lastKnownFileType</key>
			<string>sourcecode.c.h</string>
			<key>path</key>
			<string>ViewController.h</string>
			<key>sourceTree</key>
			<string>&lt;group&gt;</string>
		</dict>
		<key>B03ABEE91CAB5AC4004067CA</key>
		<dict>
			<key>isa</key>
			<string>PBXFileReference</string>
			<key>lastKnownFileType</key>
			<string>sourcecode.c.objc</string>
			<key>path</key>
			<string>ViewController.m</string>
			<key>sourceTree</key>
			<string>&lt;group&gt;</string>
		</dict>
		<key>B03ABEEA1CAB5AC4004067CA</key>
		<dict>
			<key>fileRef</key>
			<string>B03ABEE91CAB5AC4004067CA</string>
			<key>isa</key>
			<string>PBXBuildFile</string>
		</dict>
		<key>B03ABEEB1CAB5AC4004067CA</key>
		<dict>
			<key>children</key>
			<array>
				<string>B03ABEEC1CAB5AC4004067CA</string>
			</array>
			<key>isa</key>
			<string>PBXVariantGroup</string>
			<key>name</key>
			<string>Main.storyboard</string>
			<key>sourceTree</key>
			<string>&lt;group&gt;</string>
		</dict>
		<key>B03ABEEC1CAB5AC4004067CA</key>
		<dict>
			<key>isa</key>
			<string>PBXFileReference</string>
			<key>lastKnownFileType</key>
			<string>file.storyboard</string>
			<key>name</key>
			<string>Base</string>
			<key>path</key>
			<string>Base.lproj/Main.storyboard</string>
			<key>sourceTree</key>
			<string>&lt;group&gt;</string>
		</dict>
		<key>B03ABEED1CAB5AC4004067CA</key>
		<dict>
			<key>fileRef</key>
			<string>B03ABEEB1CAB5AC4004067CA</string>
			<key>isa</key>
			<string>PBXBuildFile</string>
		</dict>
		<key>B03ABEEE1CAB5AC4004067CA</key>
		<dict>
			<key>isa</key>
			<string>PBXFileReference</string>
			<key>lastKnownFileType</key>
			<string>folder.assetcatalog</string>
			<key>path</key>
			<string>Assets.xcassets</string>
			<key>sourceTree</key>
			<string>&lt;group&gt;</string>
		</dict>
		<key>B03ABEEF1CAB5AC4004067CA</key>
		<dict>
			<key>fileRef</key>
			<string>B03ABEEE1CAB5AC4004067CA</string>
			<key>isa</key>
			<string>PBXBuildFile</string>
		</dict>
		<key>B03ABEF01CAB5AC4004067CA</key>
		<dict>
			<key>children</key>
			<array>
				<string>B03ABEF11CAB5AC4004067CA</string>
			</array>
			<key>isa</key>
			<string>PBXVariantGroup</string>
			<key>name</key>
			<string>LaunchScreen.storyboard</string>
			<key>sourceTree</key>
			<string>&lt;group&gt;</string>
		</dict>
		<key>B03ABEF11CAB5AC4004067CA</key>
		<dict>
			<key>isa</key>
			<string>PBXFileReference</string>
			<key>lastKnownFileType</key>
			<string>file.storyboard</string>
			<key>name</key>
			<string>Base</string>
			<key>path</key>
			<string>Base.lproj/LaunchScreen.storyboard</string>
			<key>sourceTree</key>
			<string>&lt;group&gt;</string>
		</dict>
		<key>B03ABEF21CAB5AC4004067CA</key>
		<dict>
			<key>fileRef</key>
			<string>B03ABEF01CAB5AC4004067CA</string>
			<key>isa</key>
			<string>PBXBuildFile</string>
		</dict>
		<key>B03ABEF31CAB5AC4004067CA</key>
		<dict>
			<key>isa</key>
			<string>PBXFileReference</string>
			<key>lastKnownFileType</key>
			<string>text.plist.xml</string>
			<key>path</key>
			<string>Info.plist</string>
			<key>sourceTree</key>
			<string>&lt;group&gt;</string>
		</dict>
		<key>B03ABEF41CAB5AC4004067CA</key>
		<dict>
			<key>buildActionMask</key>
			<string>2147483647</string>
			<key>files</key>
			<array>
				<string>B03ABEFD1CAB5AC4004067CA</string>
			</array>
			<key>isa</key>
			<string>PBXSourcesBuildPhase</string>
			<key>runOnlyForDeploymentPostprocessing</key>
			<string>0</string>
		</dict>
		<key>B03ABEF51CAB5AC4004067CA</key>
		<dict>
			<key>buildActionMask</key>
			<string>2147483647</string>
			<key>files</key>
			<array/>
			<key>isa</key>
			<string>PBXFrameworksBuildPhase</string>
			<key>runOnlyForDeploymentPostprocessing</key>
			<string>0</string>
		</dict>
		<key>B03ABEF61CAB5AC4004067CA</key>
		<dict>
			<key>buildActionMask</key>
			<string>2147483647</string>
			<key>files</key>
			<array/>
			<key>isa</key>
			<string>PBXResourcesBuildPhase</string>
			<key>runOnlyForDeploymentPostprocessing</key>
			<string>0</string>
		</dict>
		<key>B03ABEF71CAB5AC4004067CA</key>
		<dict>
			<key>buildConfigurationList</key>
			<string>B03ABF0F1CAB5AC4004067CA</string>
			<key>buildPhases</key>
			<array>
				<string>B03ABEF41CAB5AC4004067CA</string>
				<string>B03ABEF51CAB5AC4004067CA</string>
				<string>B03ABEF61CAB5AC4004067CA</string>
			</array>
			<key>buildRules</key>
			<array/>
			<key>dependencies</key>
			<array>
				<string>B03ABEFA1CAB5AC4004067CA</string>
			</array>
			<key>isa</key>
			<string>PBXNativeTarget</string>
			<key>name</key>
			<string>TFCoreFoundationTests</string>
			<key>productName</key>
			<string>TFCoreFoundationTests</string>
			<key>productReference</key>
			<string>B03ABEF81CAB5AC4004067CA</string>
			<key>productType</key>
			<string>com.apple.product-type.bundle.unit-test</string>
		</dict>
		<key>B03ABEF81CAB5AC4004067CA</key>
		<dict>
			<key>explicitFileType</key>
			<string>wrapper.cfbundle</string>
			<key>includeInIndex</key>
			<string>0</string>
			<key>isa</key>
			<string>PBXFileReference</string>
			<key>path</key>
			<string>TFCoreFoundationTests.xctest</string>
			<key>sourceTree</key>
			<string>BUILT_PRODUCTS_DIR</string>
		</dict>
		<key>B03ABEF91CAB5AC4004067CA</key>
		<dict>
			<key>containerPortal</key>
			<string>B03ABED71CAB5AC4004067CA</string>
			<key>isa</key>
			<string>PBXContainerItemProxy</string>
			<key>proxyType</key>
			<string>1</string>
			<key>remoteGlobalIDString</key>
			<string>B03ABEDE1CAB5AC4004067CA</string>
			<key>remoteInfo</key>
			<string>TFCoreFoundation</string>
		</dict>
		<key>B03ABEFA1CAB5AC4004067CA</key>
		<dict>
			<key>isa</key>
			<string>PBXTargetDependency</string>
			<key>target</key>
			<string>B03ABEDE1CAB5AC4004067CA</string>
			<key>targetProxy</key>
			<string>B03ABEF91CAB5AC4004067CA</string>
		</dict>
		<key>B03ABEFB1CAB5AC4004067CA</key>
		<dict>
			<key>children</key>
			<array>
				<string>B03ABEFC1CAB5AC4004067CA</string>
				<string>B03ABEFE1CAB5AC4004067CA</string>
			</array>
			<key>isa</key>
			<string>PBXGroup</string>
			<key>path</key>
			<string>TFCoreFoundationTests</string>
			<key>sourceTree</key>
			<string>&lt;group&gt;</string>
		</dict>
		<key>B03ABEFC1CAB5AC4004067CA</key>
		<dict>
			<key>isa</key>
			<string>PBXFileReference</string>
			<key>lastKnownFileType</key>
			<string>sourcecode.c.objc</string>
			<key>path</key>
			<string>TFCoreFoundationTests.m</string>
			<key>sourceTree</key>
			<string>&lt;group&gt;</string>
		</dict>
		<key>B03ABEFD1CAB5AC4004067CA</key>
		<dict>
			<key>fileRef</key>
			<string>B03ABEFC1CAB5AC4004067CA</string>
			<key>isa</key>
			<string>PBXBuildFile</string>
		</dict>
		<key>B03ABEFE1CAB5AC4004067CA</key>
		<dict>
			<key>isa</key>
			<string>PBXFileReference</string>
			<key>lastKnownFileType</key>
			<string>text.plist.xml</string>
			<key>path</key>
			<string>Info.plist</string>
			<key>sourceTree</key>
			<string>&lt;group&gt;</string>
		</dict>
		<key>B03ABEFF1CAB5AC4004067CA</key>
		<dict>
			<key>buildActionMask</key>
			<string>2147483647</string>
			<key>files</key>
			<array>
				<string>B03ABF081CAB5AC4004067CA</string>
			</array>
			<key>isa</key>
			<string>PBXSourcesBuildPhase</string>
			<key>runOnlyForDeploymentPostprocessing</key>
			<string>0</string>
		</dict>
		<key>B03ABF001CAB5AC4004067CA</key>
		<dict>
			<key>buildActionMask</key>
			<string>2147483647</string>
			<key>files</key>
			<array/>
			<key>isa</key>
			<string>PBXFrameworksBuildPhase</string>
			<key>runOnlyForDeploymentPostprocessing</key>
			<string>0</string>
		</dict>
		<key>B03ABF011CAB5AC4004067CA</key>
		<dict>
			<key>buildActionMask</key>
			<string>2147483647</string>
			<key>files</key>
			<array/>
			<key>isa</key>
			<string>PBXResourcesBuildPhase</string>
			<key>runOnlyForDeploymentPostprocessing</key>
			<string>0</string>
		</dict>
		<key>B03ABF021CAB5AC4004067CA</key>
		<dict>
			<key>buildConfigurationList</key>
			<string>B03ABF121CAB5AC4004067CA</string>
			<key>buildPhases</key>
			<array>
				<string>B03ABEFF1CAB5AC4004067CA</string>
				<string>B03ABF001CAB5AC4004067CA</string>
				<string>B03ABF011CAB5AC4004067CA</string>
			</array>
			<key>buildRules</key>
			<array/>
			<key>dependencies</key>
			<array>
				<string>B03ABF051CAB5AC4004067CA</string>
			</array>
			<key>isa</key>
			<string>PBXNativeTarget</string>
			<key>name</key>
			<string>TFCoreFoundationUITests</string>
			<key>productName</key>
			<string>TFCoreFoundationUITests</string>
			<key>productReference</key>
			<string>B03ABF031CAB5AC4004067CA</string>
			<key>productType</key>
			<string>com.apple.product-type.bundle.ui-testing</string>
		</dict>
		<key>B03ABF031CAB5AC4004067CA</key>
		<dict>
			<key>explicitFileType</key>
			<string>wrapper.cfbundle</string>
			<key>includeInIndex</key>
			<string>0</string>
			<key>isa</key>
			<string>PBXFileReference</string>
			<key>path</key>
			<string>TFCoreFoundationUITests.xctest</string>
			<key>sourceTree</key>
			<string>BUILT_PRODUCTS_DIR</string>
		</dict>
		<key>B03ABF041CAB5AC4004067CA</key>
		<dict>
			<key>containerPortal</key>
			<string>B03ABED71CAB5AC4004067CA</string>
			<key>isa</key>
			<string>PBXContainerItemProxy</string>
			<key>proxyType</key>
			<string>1</string>
			<key>remoteGlobalIDString</key>
			<string>B03ABEDE1CAB5AC4004067CA</string>
			<key>remoteInfo</key>
			<string>TFCoreFoundation</string>
		</dict>
		<key>B03ABF051CAB5AC4004067CA</key>
		<dict>
			<key>isa</key>
			<string>PBXTargetDependency</string>
			<key>target</key>
			<string>B03ABEDE1CAB5AC4004067CA</string>
			<key>targetProxy</key>
			<string>B03ABF041CAB5AC4004067CA</string>
		</dict>
		<key>B03ABF061CAB5AC4004067CA</key>
		<dict>
			<key>children</key>
			<array>
				<string>B03ABF071CAB5AC4004067CA</string>
				<string>B03ABF091CAB5AC4004067CA</string>
			</array>
			<key>isa</key>
			<string>PBXGroup</string>
			<key>path</key>
			<string>TFCoreFoundationUITests</string>
			<key>sourceTree</key>
			<string>&lt;group&gt;</string>
		</dict>
		<key>B03ABF071CAB5AC4004067CA</key>
		<dict>
			<key>isa</key>
			<string>PBXFileReference</string>
			<key>lastKnownFileType</key>
			<string>sourcecode.c.objc</string>
			<key>path</key>
			<string>TFCoreFoundationUITests.m</string>
			<key>sourceTree</key>
			<string>&lt;group&gt;</string>
		</dict>
		<key>B03ABF081CAB5AC4004067CA</key>
		<dict>
			<key>fileRef</key>
			<string>B03ABF071CAB5AC4004067CA</string>
			<key>isa</key>
			<string>PBXBuildFile</string>
		</dict>
		<key>B03ABF091CAB5AC4004067CA</key>
		<dict>
			<key>isa</key>
			<string>PBXFileReference</string>
			<key>lastKnownFileType</key>
			<string>text.plist.xml</string>
			<key>path</key>
			<string>Info.plist</string>
			<key>sourceTree</key>
			<string>&lt;group&gt;</string>
		</dict>
		<key>B03ABF0A1CAB5AC4004067CA</key>
		<dict>
			<key>buildSettings</key>
			<dict>
				<key>ALWAYS_SEARCH_USER_PATHS</key>
				<string>NO</string>
				<key>CLANG_ANALYZER_NONNULL</key>
				<string>YES</string>
				<key>CLANG_CXX_LANGUAGE_STANDARD</key>
				<string>gnu++0x</string>
				<key>CLANG_CXX_LIBRARY</key>
				<string>libc++</string>
				<key>CLANG_ENABLE_MODULES</key>
				<string>YES</string>
				<key>CLANG_ENABLE_OBJC_ARC</key>
				<string>YES</string>
				<key>CLANG_WARN_BOOL_CONVERSION</key>
				<string>YES</string>
				<key>CLANG_WARN_CONSTANT_CONVERSION</key>
				<string>YES</string>
				<key>CLANG_WARN_DIRECT_OBJC_ISA_USAGE</key>
				<string>YES_ERROR</string>
				<key>CLANG_WARN_EMPTY_BODY</key>
				<string>YES</string>
				<key>CLANG_WARN_ENUM_CONVERSION</key>
				<string>YES</string>
				<key>CLANG_WARN_INT_CONVERSION</key>
				<string>YES</string>
				<key>CLANG_WARN_OBJC_ROOT_CLASS</key>
				<string>YES_ERROR</string>
				<key>CLANG_WARN_UNREACHABLE_CODE</key>
				<string>YES</string>
				<key>CLANG_WARN__DUPLICATE_METHOD_MATCH</key>
				<string>YES</string>
				<key>CODE_SIGN_IDENTITY[sdk=iphoneos*]</key>
				<string>iPhone Developer</string>
				<key>COPY_PHASE_STRIP</key>
				<string>NO</string>
				<key>DEBUG_INFORMATION_FORMAT</key>
				<string>dwarf</string>
				<key>ENABLE_STRICT_OBJC_MSGSEND</key>
				<string>YES</string>
				<key>ENABLE_TESTABILITY</key>
				<string>YES</string>
				<key>GCC_C_LANGUAGE_STANDARD</key>
				<string>gnu99</string>
				<key>GCC_DYNAMIC_NO_PIC</key>
				<string>NO</string>
				<key>GCC_NO_COMMON_BLOCKS</key>
				<string>YES</string>
				<key>GCC_OPTIMIZATION_LEVEL</key>
				<string>0</string>
				<key>GCC_PREPROCESSOR_DEFINITIONS</key>
				<array>
					<string>DEBUG=1</string>
					<string>$(inherited)</string>
				</array>
				<key>GCC_WARN_64_TO_32_BIT_CONVERSION</key>
				<string>YES</string>
				<key>GCC_WARN_ABOUT_RETURN_TYPE</key>
				<string>YES_ERROR</string>
				<key>GCC_WARN_UNDECLARED_SELECTOR</key>
				<string>YES</string>
				<key>GCC_WARN_UNINITIALIZED_AUTOS</key>
				<string>YES_AGGRESSIVE</string>
				<key>GCC_WARN_UNUSED_FUNCTION</key>
				<string>YES</string>
				<key>GCC_WARN_UNUSED_VARIABLE</key>
				<string>YES</string>
				<key>IPHONEOS_DEPLOYMENT_TARGET</key>
				<string>8.0</string>
				<key>MTL_ENABLE_DEBUG_INFO</key>
				<string>YES</string>
				<key>ONLY_ACTIVE_ARCH</key>
				<string>YES</string>
				<key>SDKROOT</key>
				<string>iphoneos</string>
			</dict>
			<key>isa</key>
			<string>XCBuildConfiguration</string>
			<key>name</key>
			<string>Debug</string>
		</dict>
		<key>B03ABF0B1CAB5AC4004067CA</key>
		<dict>
			<key>buildSettings</key>
			<dict>
				<key>ALWAYS_SEARCH_USER_PATHS</key>
				<string>NO</string>
				<key>CLANG_ANALYZER_NONNULL</key>
				<string>YES</string>
				<key>CLANG_CXX_LANGUAGE_STANDARD</key>
				<string>gnu++0x</string>
				<key>CLANG_CXX_LIBRARY</key>
				<string>libc++</string>
				<key>CLANG_ENABLE_MODULES</key>
				<string>YES</string>
				<key>CLANG_ENABLE_OBJC_ARC</key>
				<string>YES</string>
				<key>CLANG_WARN_BOOL_CONVERSION</key>
				<string>YES</string>
				<key>CLANG_WARN_CONSTANT_CONVERSION</key>
				<string>YES</string>
				<key>CLANG_WARN_DIRECT_OBJC_ISA_USAGE</key>
				<string>YES_ERROR</string>
				<key>CLANG_WARN_EMPTY_BODY</key>
				<string>YES</string>
				<key>CLANG_WARN_ENUM_CONVERSION</key>
				<string>YES</string>
				<key>CLANG_WARN_INT_CONVERSION</key>
				<string>YES</string>
				<key>CLANG_WARN_OBJC_ROOT_CLASS</key>
				<string>YES_ERROR</string>
				<key>CLANG_WARN_UNREACHABLE_CODE</key>
				<string>YES</string>
				<key>CLANG_WARN__DUPLICATE_METHOD_MATCH</key>
				<string>YES</string>
				<key>CODE_SIGN_IDENTITY[sdk=iphoneos*]</key>
				<string>iPhone Developer</string>
				<key>COPY_PHASE_STRIP</key>
				<string>NO</string>
				<key>DEBUG_INFORMATION_FORMAT</key>
				<string>dwarf-with-dsym</string>
				<key>ENABLE_NS_ASSERTIONS</key>
				<string>NO</string>
				<key>ENABLE_STRICT_OBJC_MSGSEND</key>
				<string>YES</string>
				<key>GCC_C_LANGUAGE_STANDARD</key>
				<string>gnu99</string>
				<key>GCC_NO_COMMON_BLOCKS</key>
				<string>YES</string>
				<key>GCC_WARN_64_TO_32_BIT_CONVERSION</key>
				<string>YES</string>
				<key>GCC_WARN_ABOUT_RETURN_TYPE</key>
				<string>YES_ERROR</string>
				<key>GCC_WARN_UNDECLARED_SELECTOR</key>
				<string>YES</string>
				<key>GCC_WARN_UNINITIALIZED_AUTOS</key>
				<string>YES_AGGRESSIVE</string>
				<key>GCC_WARN_UNUSED_FUNCTION</key>
				<string>YES</string>
				<key>GCC_WARN_UNUSED_VARIABLE</key>
				<string>YES</string>
				<key>IPHONEOS_DEPLOYMENT_TARGET</key>
				<string>8.0</string>
				<key>MTL_ENABLE_DEBUG_INFO</key>
				<string>NO</string>
				<key>SDKROOT</key>
				<string>iphoneos</string>
				<key>VALIDATE_PRODUCT</key>
				<string>YES</string>
			</dict>
			<key>isa</key>
			<string>XCBuildConfiguration</string>
			<key>name</key>
			<string>Release</string>
		</dict>
		<key>B03ABF0C1CAB5AC4004067CA</key>
		<dict>
			<key>buildConfigurations</key>
			<array>
				<string>B03ABF0D1CAB5AC4004067CA</string>
				<string>B03ABF0E1CAB5AC4004067CA</string>
			</array>
			<key>defaultConfigurationIsVisible</key>
			<string>0</string>
			<key>defaultConfigurationName</key>
			<string>Release</string>
			<key>isa</key>
			<string>XCConfigurationList</string>
		</dict>
		<key>B03ABF0D1CAB5AC4004067CA</key>
		<dict>
			<key>baseConfigurationReference</key>
			<string>C8924AE191CF82B0A0DF3044</string>
			<key>buildSettings</key>
			<dict>
				<key>ASSETCATALOG_COMPILER_APPICON_NAME</key>
				<string>AppIcon</string>
				<key>CODE_SIGN_IDENTITY</key>
				<string>iPhone Developer</string>
				<key>INFOPLIST_FILE</key>
				<string>TFCoreFoundation/Info.plist</string>
				<key>LD_RUNPATH_SEARCH_PATHS</key>
				<string>$(inherited) @executable_path/Frameworks</string>
				<key>PRODUCT_BUNDLE_IDENTIFIER</key>
				<string>cn.timeface.base.TFCoreFoundation</string>
				<key>PRODUCT_NAME</key>
				<string>$(TARGET_NAME)</string>
			</dict>
			<key>isa</key>
			<string>XCBuildConfiguration</string>
			<key>name</key>
			<string>Debug</string>
		</dict>
		<key>B03ABF0E1CAB5AC4004067CA</key>
		<dict>
			<key>baseConfigurationReference</key>
			<string>EF9A1DB4F620DCD06F118A37</string>
			<key>buildSettings</key>
			<dict>
				<key>ASSETCATALOG_COMPILER_APPICON_NAME</key>
				<string>AppIcon</string>
				<key>CODE_SIGN_IDENTITY</key>
				<string>iPhone Developer</string>
				<key>INFOPLIST_FILE</key>
				<string>TFCoreFoundation/Info.plist</string>
				<key>LD_RUNPATH_SEARCH_PATHS</key>
				<string>$(inherited) @executable_path/Frameworks</string>
				<key>PRODUCT_BUNDLE_IDENTIFIER</key>
				<string>cn.timeface.base.TFCoreFoundation</string>
				<key>PRODUCT_NAME</key>
				<string>$(TARGET_NAME)</string>
			</dict>
			<key>isa</key>
			<string>XCBuildConfiguration</string>
			<key>name</key>
			<string>Release</string>
		</dict>
		<key>B03ABF0F1CAB5AC4004067CA</key>
		<dict>
			<key>buildConfigurations</key>
			<array>
				<string>B03ABF101CAB5AC4004067CA</string>
				<string>B03ABF111CAB5AC4004067CA</string>
			</array>
			<key>defaultConfigurationIsVisible</key>
			<string>0</string>
			<key>defaultConfigurationName</key>
			<string>Release</string>
			<key>isa</key>
			<string>XCConfigurationList</string>
		</dict>
		<key>B03ABF101CAB5AC4004067CA</key>
		<dict>
			<key>buildSettings</key>
			<dict>
				<key>BUNDLE_LOADER</key>
				<string>$(TEST_HOST)</string>
				<key>INFOPLIST_FILE</key>
				<string>TFCoreFoundationTests/Info.plist</string>
				<key>LD_RUNPATH_SEARCH_PATHS</key>
				<string>$(inherited) @executable_path/Frameworks @loader_path/Frameworks</string>
				<key>PRODUCT_BUNDLE_IDENTIFIER</key>
				<string>cn.timeface.base.TFCoreFoundationTests</string>
				<key>PRODUCT_NAME</key>
				<string>$(TARGET_NAME)</string>
				<key>TEST_HOST</key>
				<string>$(BUILT_PRODUCTS_DIR)/TFCoreFoundation.app/TFCoreFoundation</string>
			</dict>
			<key>isa</key>
			<string>XCBuildConfiguration</string>
			<key>name</key>
			<string>Debug</string>
		</dict>
		<key>B03ABF111CAB5AC4004067CA</key>
		<dict>
			<key>buildSettings</key>
			<dict>
				<key>BUNDLE_LOADER</key>
				<string>$(TEST_HOST)</string>
				<key>INFOPLIST_FILE</key>
				<string>TFCoreFoundationTests/Info.plist</string>
				<key>LD_RUNPATH_SEARCH_PATHS</key>
				<string>$(inherited) @executable_path/Frameworks @loader_path/Frameworks</string>
				<key>PRODUCT_BUNDLE_IDENTIFIER</key>
				<string>cn.timeface.base.TFCoreFoundationTests</string>
				<key>PRODUCT_NAME</key>
				<string>$(TARGET_NAME)</string>
				<key>TEST_HOST</key>
				<string>$(BUILT_PRODUCTS_DIR)/TFCoreFoundation.app/TFCoreFoundation</string>
			</dict>
			<key>isa</key>
			<string>XCBuildConfiguration</string>
			<key>name</key>
			<string>Release</string>
		</dict>
		<key>B03ABF121CAB5AC4004067CA</key>
		<dict>
			<key>buildConfigurations</key>
			<array>
				<string>B03ABF131CAB5AC4004067CA</string>
				<string>B03ABF141CAB5AC4004067CA</string>
			</array>
			<key>defaultConfigurationIsVisible</key>
			<string>0</string>
			<key>defaultConfigurationName</key>
			<string>Release</string>
			<key>isa</key>
			<string>XCConfigurationList</string>
		</dict>
		<key>B03ABF131CAB5AC4004067CA</key>
		<dict>
			<key>buildSettings</key>
			<dict>
				<key>INFOPLIST_FILE</key>
				<string>TFCoreFoundationUITests/Info.plist</string>
				<key>LD_RUNPATH_SEARCH_PATHS</key>
				<string>$(inherited) @executable_path/Frameworks @loader_path/Frameworks</string>
				<key>PRODUCT_BUNDLE_IDENTIFIER</key>
				<string>cn.timeface.base.TFCoreFoundationUITests</string>
				<key>PRODUCT_NAME</key>
				<string>$(TARGET_NAME)</string>
				<key>TEST_TARGET_NAME</key>
				<string>TFCoreFoundation</string>
			</dict>
			<key>isa</key>
			<string>XCBuildConfiguration</string>
			<key>name</key>
			<string>Debug</string>
		</dict>
		<key>B03ABF141CAB5AC4004067CA</key>
		<dict>
			<key>buildSettings</key>
			<dict>
				<key>INFOPLIST_FILE</key>
				<string>TFCoreFoundationUITests/Info.plist</string>
				<key>LD_RUNPATH_SEARCH_PATHS</key>
				<string>$(inherited) @executable_path/Frameworks @loader_path/Frameworks</string>
				<key>PRODUCT_BUNDLE_IDENTIFIER</key>
				<string>cn.timeface.base.TFCoreFoundationUITests</string>
				<key>PRODUCT_NAME</key>
				<string>$(TARGET_NAME)</string>
				<key>TEST_TARGET_NAME</key>
				<string>TFCoreFoundation</string>
			</dict>
			<key>isa</key>
			<string>XCBuildConfiguration</string>
			<key>name</key>
			<string>Release</string>
		</dict>
		<key>B03ABF151CAB5AE6004067CA</key>
		<dict>
			<key>children</key>
			<array>
				<string>B043354D1CAB800000960551</string>
				<string>B04860501CBB640E00DE6770</string>
				<string>B043354E1CAB81AE00960551</string>
				<string>B0E82FC91CBA1BBB00655B66</string>
				<string>B07CBA2E1CBB8FFF004A81F2</string>
			</array>
			<key>isa</key>
			<string>PBXGroup</string>
			<key>path</key>
			<string>TFCoreFoundation</string>
			<key>sourceTree</key>
			<string>&lt;group&gt;</string>
		</dict>
		<key>B043354D1CAB800000960551</key>
		<dict>
			<key>fileEncoding</key>
			<string>4</string>
			<key>isa</key>
			<string>PBXFileReference</string>
			<key>lastKnownFileType</key>
			<string>sourcecode.c.h</string>
			<key>path</key>
			<string>TFCoreFoundation.h</string>
			<key>sourceTree</key>
			<string>&lt;group&gt;</string>
		</dict>
		<key>B043354E1CAB81AE00960551</key>
		<dict>
			<key>children</key>
			<array>
				<string>B04860401CBB3E2B00DE6770</string>
				<string>B0E82FA71CB9F17300655B66</string>
				<string>B0E82FA01CB9F14000655B66</string>
				<string>B04335501CAB81AE00960551</string>
				<string>B043354F1CAB81AE00960551</string>
				<string>B04335511CAB81AE00960551</string>
				<string>B04335531CAB831500960551</string>
				<string>B0E82FD31CBA1DC600655B66</string>
			</array>
			<key>isa</key>
			<string>PBXGroup</string>
			<key>path</key>
			<string>Base</string>
			<key>sourceTree</key>
			<string>&lt;group&gt;</string>
		</dict>
		<key>B043354F1CAB81AE00960551</key>
		<dict>
			<key>children</key>
			<array>
				<string>B04335561CABA1CD00960551</string>
				<string>B04335571CABA1CD00960551</string>
				<string>B04335591CABA47200960551</string>
				<string>B043355A1CABA47200960551</string>
				<string>B043355C1CABA51A00960551</string>
				<string>B043355D1CABA51A00960551</string>
				<string>B043355F1CABA8BD00960551</string>
				<string>B04335601CABA8BD00960551</string>
				<string>B04335621CABAA5700960551</string>
				<string>B04335631CABAA5700960551</string>
				<string>B043356A1CABB19800960551</string>
				<string>B043356B1CABB19800960551</string>
				<string>B043356D1CABB36C00960551</string>
				<string>B043356E1CABB36C00960551</string>
				<string>B04335701CABB5B500960551</string>
				<string>B04335711CABB5B500960551</string>
				<string>B04335731CABB70000960551</string>
				<string>B04335741CABB70000960551</string>
			</array>
			<key>isa</key>
			<string>PBXGroup</string>
			<key>path</key>
			<string>Foundation</string>
			<key>sourceTree</key>
			<string>&lt;group&gt;</string>
		</dict>
		<key>B04335501CAB81AE00960551</key>
		<dict>
			<key>children</key>
			<array>
				<string>B0E82F971CB9EE9A00655B66</string>
				<string>B0E82F981CB9EE9A00655B66</string>
			</array>
			<key>isa</key>
			<string>PBXGroup</string>
			<key>path</key>
			<string>Quartz</string>
			<key>sourceTree</key>
			<string>&lt;group&gt;</string>
		</dict>
		<key>B04335511CAB81AE00960551</key>
		<dict>
			<key>children</key>
			<array>
				<string>C4EA33121D8697F800A18336</string>
				<string>C4EA33131D8697F800A18336</string>
				<string>C4EA330F1D8697CC00A18336</string>
				<string>C4EA33101D8697CC00A18336</string>
				<string>B04335651CABAC2D00960551</string>
				<string>B04335661CABAC2D00960551</string>
				<string>B0E82F941CB9EE0200655B66</string>
				<string>B0E82F951CB9EE0200655B66</string>
				<string>B0E82F9A1CB9EF6100655B66</string>
				<string>B0E82F9B1CB9EF6100655B66</string>
				<string>B0E82F9D1CB9EFE800655B66</string>
				<string>B0E82F9E1CB9EFE800655B66</string>
				<string>B0E82FA81CB9F1AD00655B66</string>
				<string>B0E82FA91CB9F1AD00655B66</string>
				<string>B0E82FAB1CB9F22000655B66</string>
				<string>B0E82FAC1CB9F22000655B66</string>
				<string>B0E82FAE1CB9F27E00655B66</string>
				<string>B0E82FAF1CB9F27E00655B66</string>
				<string>B0E82FB11CB9F3B100655B66</string>
				<string>B0E82FB21CB9F3B100655B66</string>
				<string>B0E82FB41CB9F42500655B66</string>
				<string>B0E82FB51CB9F42500655B66</string>
				<string>B0E82FB71CB9F53600655B66</string>
				<string>B0E82FB81CB9F53600655B66</string>
				<string>B0E82FBA1CB9F59B00655B66</string>
				<string>B0E82FBB1CB9F59B00655B66</string>
				<string>B07CBA291CBB875D004A81F2</string>
				<string>B07CBA2A1CBB875D004A81F2</string>
				<string>B0E82FBD1CB9F6D900655B66</string>
				<string>B0E82FBE1CB9F6D900655B66</string>
				<string>B0E82FC01CB9F7A600655B66</string>
				<string>B0E82FC11CB9F7A600655B66</string>
				<string>B0E82FC31CB9F7E200655B66</string>
				<string>B0E82FC41CB9F7E200655B66</string>
				<string>B0E82FC61CB9F84100655B66</string>
				<string>B0E82FC71CB9F84100655B66</string>
				<string>B0E82FDC1CBA238400655B66</string>
				<string>B0E82FDD1CBA238400655B66</string>
				<string>B0E82FDF1CBA23D700655B66</string>
				<string>B0E82FE01CBA23D700655B66</string>
				<string>B0D5EA2C1CBE36F100ED42F1</string>
				<string>B0D5EA2D1CBE36F100ED42F1</string>
			</array>
			<key>isa</key>
			<string>PBXGroup</string>
			<key>path</key>
			<string>UIKit</string>
			<key>sourceTree</key>
			<string>&lt;group&gt;</string>
		</dict>
		<key>B04335531CAB831500960551</key>
		<dict>
			<key>fileEncoding</key>
			<string>4</string>
			<key>isa</key>
			<string>PBXFileReference</string>
			<key>lastKnownFileType</key>
			<string>sourcecode.c.h</string>
			<key>path</key>
			<string>TFCoreFoundationMacro.h</string>
			<key>sourceTree</key>
			<string>&lt;group&gt;</string>
		</dict>
		<key>B04335561CABA1CD00960551</key>
		<dict>
			<key>fileEncoding</key>
			<string>4</string>
			<key>isa</key>
			<string>PBXFileReference</string>
			<key>lastKnownFileType</key>
			<string>sourcecode.c.h</string>
			<key>path</key>
			<string>NSObject+TFCore.h</string>
			<key>sourceTree</key>
			<string>&lt;group&gt;</string>
		</dict>
		<key>B04335571CABA1CD00960551</key>
		<dict>
			<key>fileEncoding</key>
			<string>4</string>
			<key>isa</key>
			<string>PBXFileReference</string>
			<key>lastKnownFileType</key>
			<string>sourcecode.c.objc</string>
			<key>path</key>
			<string>NSObject+TFCore.m</string>
			<key>sourceTree</key>
			<string>&lt;group&gt;</string>
		</dict>
		<key>B04335581CABA1CD00960551</key>
		<dict>
			<key>fileRef</key>
			<string>B04335571CABA1CD00960551</string>
			<key>isa</key>
			<string>PBXBuildFile</string>
		</dict>
		<key>B04335591CABA47200960551</key>
		<dict>
			<key>fileEncoding</key>
			<string>4</string>
			<key>isa</key>
			<string>PBXFileReference</string>
			<key>lastKnownFileType</key>
			<string>sourcecode.c.h</string>
			<key>path</key>
			<string>NSObject+TFCoreForKVO.h</string>
			<key>sourceTree</key>
			<string>&lt;group&gt;</string>
		</dict>
		<key>B043355A1CABA47200960551</key>
		<dict>
			<key>fileEncoding</key>
			<string>4</string>
			<key>isa</key>
			<string>PBXFileReference</string>
			<key>lastKnownFileType</key>
			<string>sourcecode.c.objc</string>
			<key>path</key>
			<string>NSObject+TFCoreForKVO.m</string>
			<key>sourceTree</key>
			<string>&lt;group&gt;</string>
		</dict>
		<key>B043355B1CABA47200960551</key>
		<dict>
			<key>fileRef</key>
			<string>B043355A1CABA47200960551</string>
			<key>isa</key>
			<string>PBXBuildFile</string>
		</dict>
		<key>B043355C1CABA51A00960551</key>
		<dict>
			<key>fileEncoding</key>
			<string>4</string>
			<key>isa</key>
			<string>PBXFileReference</string>
			<key>lastKnownFileType</key>
			<string>sourcecode.c.h</string>
			<key>path</key>
			<string>NSString+TFCore.h</string>
			<key>sourceTree</key>
			<string>&lt;group&gt;</string>
		</dict>
		<key>B043355D1CABA51A00960551</key>
		<dict>
			<key>fileEncoding</key>
			<string>4</string>
			<key>isa</key>
			<string>PBXFileReference</string>
			<key>lastKnownFileType</key>
			<string>sourcecode.c.objc</string>
			<key>path</key>
			<string>NSString+TFCore.m</string>
			<key>sourceTree</key>
			<string>&lt;group&gt;</string>
		</dict>
		<key>B043355E1CABA51A00960551</key>
		<dict>
			<key>fileRef</key>
			<string>B043355D1CABA51A00960551</string>
			<key>isa</key>
			<string>PBXBuildFile</string>
		</dict>
		<key>B043355F1CABA8BD00960551</key>
		<dict>
			<key>fileEncoding</key>
			<string>4</string>
			<key>isa</key>
			<string>PBXFileReference</string>
			<key>lastKnownFileType</key>
			<string>sourcecode.c.h</string>
			<key>path</key>
			<string>NSNumber+TFCore.h</string>
			<key>sourceTree</key>
			<string>&lt;group&gt;</string>
		</dict>
		<key>B04335601CABA8BD00960551</key>
		<dict>
			<key>fileEncoding</key>
			<string>4</string>
			<key>isa</key>
			<string>PBXFileReference</string>
			<key>lastKnownFileType</key>
			<string>sourcecode.c.objc</string>
			<key>path</key>
			<string>NSNumber+TFCore.m</string>
			<key>sourceTree</key>
			<string>&lt;group&gt;</string>
		</dict>
		<key>B04335611CABA8BD00960551</key>
		<dict>
			<key>fileRef</key>
			<string>B04335601CABA8BD00960551</string>
			<key>isa</key>
			<string>PBXBuildFile</string>
		</dict>
		<key>B04335621CABAA5700960551</key>
		<dict>
			<key>fileEncoding</key>
			<string>4</string>
			<key>isa</key>
			<string>PBXFileReference</string>
			<key>lastKnownFileType</key>
			<string>sourcecode.c.h</string>
			<key>path</key>
			<string>NSData+TFCore.h</string>
			<key>sourceTree</key>
			<string>&lt;group&gt;</string>
		</dict>
		<key>B04335631CABAA5700960551</key>
		<dict>
			<key>fileEncoding</key>
			<string>4</string>
			<key>isa</key>
			<string>PBXFileReference</string>
			<key>lastKnownFileType</key>
			<string>sourcecode.c.objc</string>
			<key>path</key>
			<string>NSData+TFCore.m</string>
			<key>sourceTree</key>
			<string>&lt;group&gt;</string>
		</dict>
		<key>B04335641CABAA5700960551</key>
		<dict>
			<key>fileRef</key>
			<string>B04335631CABAA5700960551</string>
			<key>isa</key>
			<string>PBXBuildFile</string>
		</dict>
		<key>B04335651CABAC2D00960551</key>
		<dict>
			<key>fileEncoding</key>
			<string>4</string>
			<key>isa</key>
			<string>PBXFileReference</string>
			<key>lastKnownFileType</key>
			<string>sourcecode.c.h</string>
			<key>path</key>
			<string>UIDevice+TFCore.h</string>
			<key>sourceTree</key>
			<string>&lt;group&gt;</string>
		</dict>
		<key>B04335661CABAC2D00960551</key>
		<dict>
			<key>fileEncoding</key>
			<string>4</string>
			<key>isa</key>
			<string>PBXFileReference</string>
			<key>lastKnownFileType</key>
			<string>sourcecode.c.objc</string>
			<key>path</key>
			<string>UIDevice+TFCore.m</string>
			<key>sourceTree</key>
			<string>&lt;group&gt;</string>
		</dict>
		<key>B04335671CABAC2D00960551</key>
		<dict>
			<key>fileRef</key>
			<string>B04335661CABAC2D00960551</string>
			<key>isa</key>
			<string>PBXBuildFile</string>
		</dict>
		<key>B04335681CABB17900960551</key>
		<dict>
			<key>isa</key>
			<string>PBXFileReference</string>
			<key>lastKnownFileType</key>
			<string>sourcecode.text-based-dylib-definition</string>
			<key>name</key>
			<string>libz.tbd</string>
			<key>path</key>
			<string>usr/lib/libz.tbd</string>
			<key>sourceTree</key>
			<string>SDKROOT</string>
		</dict>
		<key>B04335691CABB17900960551</key>
		<dict>
			<key>fileRef</key>
			<string>B04335681CABB17900960551</string>
			<key>isa</key>
			<string>PBXBuildFile</string>
		</dict>
		<key>B043356A1CABB19800960551</key>
		<dict>
			<key>fileEncoding</key>
			<string>4</string>
			<key>isa</key>
			<string>PBXFileReference</string>
			<key>lastKnownFileType</key>
			<string>sourcecode.c.h</string>
			<key>path</key>
			<string>NSArray+TFCore.h</string>
			<key>sourceTree</key>
			<string>&lt;group&gt;</string>
		</dict>
		<key>B043356B1CABB19800960551</key>
		<dict>
			<key>fileEncoding</key>
			<string>4</string>
			<key>isa</key>
			<string>PBXFileReference</string>
			<key>lastKnownFileType</key>
			<string>sourcecode.c.objc</string>
			<key>path</key>
			<string>NSArray+TFCore.m</string>
			<key>sourceTree</key>
			<string>&lt;group&gt;</string>
		</dict>
		<key>B043356C1CABB19800960551</key>
		<dict>
			<key>fileRef</key>
			<string>B043356B1CABB19800960551</string>
			<key>isa</key>
			<string>PBXBuildFile</string>
		</dict>
		<key>B043356D1CABB36C00960551</key>
		<dict>
			<key>fileEncoding</key>
			<string>4</string>
			<key>isa</key>
			<string>PBXFileReference</string>
			<key>lastKnownFileType</key>
			<string>sourcecode.c.h</string>
			<key>path</key>
			<string>NSDictionary+TFCore.h</string>
			<key>sourceTree</key>
			<string>&lt;group&gt;</string>
		</dict>
		<key>B043356E1CABB36C00960551</key>
		<dict>
			<key>fileEncoding</key>
			<string>4</string>
			<key>isa</key>
			<string>PBXFileReference</string>
			<key>lastKnownFileType</key>
			<string>sourcecode.c.objc</string>
			<key>path</key>
			<string>NSDictionary+TFCore.m</string>
			<key>sourceTree</key>
			<string>&lt;group&gt;</string>
		</dict>
		<key>B043356F1CABB36C00960551</key>
		<dict>
			<key>fileRef</key>
			<string>B043356E1CABB36C00960551</string>
			<key>isa</key>
			<string>PBXBuildFile</string>
		</dict>
		<key>B04335701CABB5B500960551</key>
		<dict>
			<key>fileEncoding</key>
			<string>4</string>
			<key>isa</key>
			<string>PBXFileReference</string>
			<key>lastKnownFileType</key>
			<string>sourcecode.c.h</string>
			<key>path</key>
			<string>NSDate+TFCore.h</string>
			<key>sourceTree</key>
			<string>&lt;group&gt;</string>
		</dict>
		<key>B04335711CABB5B500960551</key>
		<dict>
			<key>fileEncoding</key>
			<string>4</string>
			<key>isa</key>
			<string>PBXFileReference</string>
			<key>lastKnownFileType</key>
			<string>sourcecode.c.objc</string>
			<key>path</key>
			<string>NSDate+TFCore.m</string>
			<key>sourceTree</key>
			<string>&lt;group&gt;</string>
		</dict>
		<key>B04335721CABB5B500960551</key>
		<dict>
			<key>fileRef</key>
			<string>B04335711CABB5B500960551</string>
			<key>isa</key>
			<string>PBXBuildFile</string>
		</dict>
		<key>B04335731CABB70000960551</key>
		<dict>
			<key>fileEncoding</key>
			<string>4</string>
			<key>isa</key>
			<string>PBXFileReference</string>
			<key>lastKnownFileType</key>
			<string>sourcecode.c.h</string>
			<key>path</key>
			<string>NSNotificationCenter+TFCore.h</string>
			<key>sourceTree</key>
			<string>&lt;group&gt;</string>
		</dict>
		<key>B04335741CABB70000960551</key>
		<dict>
			<key>fileEncoding</key>
			<string>4</string>
			<key>isa</key>
			<string>PBXFileReference</string>
			<key>lastKnownFileType</key>
			<string>sourcecode.c.objc</string>
			<key>path</key>
			<string>NSNotificationCenter+TFCore.m</string>
			<key>sourceTree</key>
			<string>&lt;group&gt;</string>
		</dict>
		<key>B04335751CABB70000960551</key>
		<dict>
			<key>fileRef</key>
			<string>B04335741CABB70000960551</string>
			<key>isa</key>
			<string>PBXBuildFile</string>
		</dict>
		<key>B04860401CBB3E2B00DE6770</key>
		<dict>
			<key>children</key>
			<array>
				<string>B04860411CBB3E3F00DE6770</string>
				<string>B04860421CBB3E3F00DE6770</string>
				<string>B04860471CBB419600DE6770</string>
				<string>B04860481CBB419600DE6770</string>
				<string>B0D5EA291CBE368A00ED42F1</string>
				<string>B0D5EA2A1CBE368A00ED42F1</string>
				<string>B0DA371E1CC5C38A000F6683</string>
				<string>B0DA371F1CC5C38A000F6683</string>
			</array>
			<key>isa</key>
			<string>PBXGroup</string>
			<key>path</key>
			<string>Utility</string>
			<key>sourceTree</key>
			<string>&lt;group&gt;</string>
		</dict>
		<key>B04860411CBB3E3F00DE6770</key>
		<dict>
			<key>fileEncoding</key>
			<string>4</string>
			<key>isa</key>
			<string>PBXFileReference</string>
			<key>lastKnownFileType</key>
			<string>sourcecode.c.h</string>
			<key>path</key>
			<string>TFDirectionalPanGestureRecognizer.h</string>
			<key>sourceTree</key>
			<string>&lt;group&gt;</string>
		</dict>
		<key>B04860421CBB3E3F00DE6770</key>
		<dict>
			<key>fileEncoding</key>
			<string>4</string>
			<key>isa</key>
			<string>PBXFileReference</string>
			<key>lastKnownFileType</key>
			<string>sourcecode.c.objc</string>
			<key>path</key>
			<string>TFDirectionalPanGestureRecognizer.m</string>
			<key>sourceTree</key>
			<string>&lt;group&gt;</string>
		</dict>
		<key>B04860431CBB3E3F00DE6770</key>
		<dict>
			<key>fileRef</key>
			<string>B04860421CBB3E3F00DE6770</string>
			<key>isa</key>
			<string>PBXBuildFile</string>
		</dict>
		<key>B04860471CBB419600DE6770</key>
		<dict>
			<key>fileEncoding</key>
			<string>4</string>
			<key>isa</key>
			<string>PBXFileReference</string>
			<key>lastKnownFileType</key>
			<string>sourcecode.c.h</string>
			<key>path</key>
			<string>TFViewTransitionAnimator.h</string>
			<key>sourceTree</key>
			<string>&lt;group&gt;</string>
		</dict>
		<key>B04860481CBB419600DE6770</key>
		<dict>
			<key>fileEncoding</key>
			<string>4</string>
			<key>isa</key>
			<string>PBXFileReference</string>
			<key>lastKnownFileType</key>
			<string>sourcecode.c.objc</string>
			<key>path</key>
			<string>TFViewTransitionAnimator.m</string>
			<key>sourceTree</key>
			<string>&lt;group&gt;</string>
		</dict>
		<key>B04860491CBB419600DE6770</key>
		<dict>
			<key>fileRef</key>
			<string>B04860481CBB419600DE6770</string>
			<key>isa</key>
			<string>PBXBuildFile</string>
		</dict>
		<key>B048604A1CBB471B00DE6770</key>
		<dict>
			<key>fileEncoding</key>
			<string>4</string>
			<key>isa</key>
			<string>PBXFileReference</string>
			<key>lastKnownFileType</key>
			<string>sourcecode.c.h</string>
			<key>path</key>
			<string>TFAlertView.h</string>
			<key>sourceTree</key>
			<string>&lt;group&gt;</string>
		</dict>
		<key>B048604B1CBB471B00DE6770</key>
		<dict>
			<key>fileEncoding</key>
			<string>4</string>
			<key>isa</key>
			<string>PBXFileReference</string>
			<key>lastKnownFileType</key>
			<string>sourcecode.c.objc</string>
			<key>path</key>
			<string>TFAlertView.m</string>
			<key>sourceTree</key>
			<string>&lt;group&gt;</string>
		</dict>
		<key>B048604C1CBB471B00DE6770</key>
		<dict>
			<key>fileRef</key>
			<string>B048604B1CBB471B00DE6770</string>
			<key>isa</key>
			<string>PBXBuildFile</string>
		</dict>
		<key>B04860501CBB640E00DE6770</key>
		<dict>
			<key>children</key>
			<array>
				<string>B04860511CBB640E00DE6770</string>
				<string>B04860521CBB640E00DE6770</string>
			</array>
			<key>isa</key>
			<string>PBXGroup</string>
			<key>path</key>
			<string>Cache</string>
			<key>sourceTree</key>
			<string>&lt;group&gt;</string>
		</dict>
		<key>B04860511CBB640E00DE6770</key>
		<dict>
			<key>fileEncoding</key>
			<string>4</string>
			<key>isa</key>
			<string>PBXFileReference</string>
			<key>lastKnownFileType</key>
			<string>sourcecode.c.h</string>
			<key>path</key>
			<string>TFKVStorage.h</string>
			<key>sourceTree</key>
			<string>&lt;group&gt;</string>
		</dict>
		<key>B04860521CBB640E00DE6770</key>
		<dict>
			<key>fileEncoding</key>
			<string>4</string>
			<key>isa</key>
			<string>PBXFileReference</string>
			<key>lastKnownFileType</key>
			<string>sourcecode.c.objc</string>
			<key>path</key>
			<string>TFKVStorage.m</string>
			<key>sourceTree</key>
			<string>&lt;group&gt;</string>
		</dict>
		<key>B04860531CBB640E00DE6770</key>
		<dict>
			<key>fileRef</key>
			<string>B04860521CBB640E00DE6770</string>
			<key>isa</key>
			<string>PBXBuildFile</string>
		</dict>
		<key>B04860541CBB642400DE6770</key>
		<dict>
			<key>isa</key>
			<string>PBXFileReference</string>
			<key>lastKnownFileType</key>
			<string>sourcecode.text-based-dylib-definition</string>
			<key>name</key>
			<string>libsqlite3.tbd</string>
			<key>path</key>
			<string>usr/lib/libsqlite3.tbd</string>
			<key>sourceTree</key>
			<string>SDKROOT</string>
		</dict>
		<key>B04860551CBB642400DE6770</key>
		<dict>
			<key>fileRef</key>
			<string>B04860541CBB642400DE6770</string>
			<key>isa</key>
			<string>PBXBuildFile</string>
		</dict>
		<key>B04860561CBB820C00DE6770</key>
		<dict>
			<key>fileEncoding</key>
			<string>4</string>
			<key>isa</key>
			<string>PBXFileReference</string>
			<key>lastKnownFileType</key>
			<string>sourcecode.c.h</string>
			<key>path</key>
			<string>TFSplashView.h</string>
			<key>sourceTree</key>
			<string>&lt;group&gt;</string>
		</dict>
		<key>B04860571CBB820C00DE6770</key>
		<dict>
			<key>fileEncoding</key>
			<string>4</string>
			<key>isa</key>
			<string>PBXFileReference</string>
			<key>lastKnownFileType</key>
			<string>sourcecode.c.objc</string>
			<key>path</key>
			<string>TFSplashView.m</string>
			<key>sourceTree</key>
			<string>&lt;group&gt;</string>
		</dict>
		<key>B04860581CBB820C00DE6770</key>
		<dict>
			<key>fileRef</key>
			<string>B04860571CBB820C00DE6770</string>
			<key>isa</key>
			<string>PBXBuildFile</string>
		</dict>
		<key>B07CBA291CBB875D004A81F2</key>
		<dict>
			<key>fileEncoding</key>
			<string>4</string>
			<key>isa</key>
			<string>PBXFileReference</string>
			<key>lastKnownFileType</key>
			<string>sourcecode.c.h</string>
			<key>path</key>
			<string>YYImage+TFCore.h</string>
			<key>sourceTree</key>
			<string>&lt;group&gt;</string>
		</dict>
		<key>B07CBA2A1CBB875D004A81F2</key>
		<dict>
			<key>fileEncoding</key>
			<string>4</string>
			<key>isa</key>
			<string>PBXFileReference</string>
			<key>lastKnownFileType</key>
			<string>sourcecode.c.objc</string>
			<key>path</key>
			<string>YYImage+TFCore.m</string>
			<key>sourceTree</key>
			<string>&lt;group&gt;</string>
		</dict>
		<key>B07CBA2B1CBB875D004A81F2</key>
		<dict>
			<key>fileRef</key>
			<string>B07CBA2A1CBB875D004A81F2</string>
			<key>isa</key>
			<string>PBXBuildFile</string>
		</dict>
		<key>B07CBA2E1CBB8FFF004A81F2</key>
		<dict>
			<key>children</key>
			<array>
				<string>B07CBA2F1CBB910B004A81F2</string>
				<string>B07CBA301CBB910B004A81F2</string>
			</array>
			<key>isa</key>
			<string>PBXGroup</string>
			<key>path</key>
			<string>Model</string>
			<key>sourceTree</key>
			<string>&lt;group&gt;</string>
		</dict>
		<key>B07CBA2F1CBB910B004A81F2</key>
		<dict>
			<key>fileEncoding</key>
			<string>4</string>
			<key>isa</key>
			<string>PBXFileReference</string>
			<key>lastKnownFileType</key>
			<string>sourcecode.c.h</string>
			<key>path</key>
			<string>TFModel.h</string>
			<key>sourceTree</key>
			<string>&lt;group&gt;</string>
		</dict>
		<key>B07CBA301CBB910B004A81F2</key>
		<dict>
			<key>fileEncoding</key>
			<string>4</string>
			<key>isa</key>
			<string>PBXFileReference</string>
			<key>lastKnownFileType</key>
			<string>sourcecode.c.objc</string>
			<key>path</key>
			<string>TFModel.m</string>
			<key>sourceTree</key>
			<string>&lt;group&gt;</string>
		</dict>
		<key>B07CBA311CBB910B004A81F2</key>
		<dict>
			<key>fileRef</key>
			<string>B07CBA301CBB910B004A81F2</string>
			<key>isa</key>
			<string>PBXBuildFile</string>
		</dict>
		<key>B0D5EA291CBE368A00ED42F1</key>
		<dict>
			<key>fileEncoding</key>
			<string>4</string>
			<key>isa</key>
			<string>PBXFileReference</string>
			<key>lastKnownFileType</key>
			<string>sourcecode.c.h</string>
			<key>path</key>
			<string>TFSwizzleMethod.h</string>
			<key>sourceTree</key>
			<string>&lt;group&gt;</string>
		</dict>
		<key>B0D5EA2A1CBE368A00ED42F1</key>
		<dict>
			<key>fileEncoding</key>
			<string>4</string>
			<key>isa</key>
			<string>PBXFileReference</string>
			<key>lastKnownFileType</key>
			<string>sourcecode.c.objc</string>
			<key>path</key>
			<string>TFSwizzleMethod.m</string>
			<key>sourceTree</key>
			<string>&lt;group&gt;</string>
		</dict>
		<key>B0D5EA2B1CBE368A00ED42F1</key>
		<dict>
			<key>fileRef</key>
			<string>B0D5EA2A1CBE368A00ED42F1</string>
			<key>isa</key>
			<string>PBXBuildFile</string>
		</dict>
		<key>B0D5EA2C1CBE36F100ED42F1</key>
		<dict>
			<key>fileEncoding</key>
			<string>4</string>
			<key>isa</key>
			<string>PBXFileReference</string>
			<key>lastKnownFileType</key>
			<string>sourcecode.c.h</string>
			<key>path</key>
			<string>UINavigationController+TFCore.h</string>
			<key>sourceTree</key>
			<string>&lt;group&gt;</string>
		</dict>
		<key>B0D5EA2D1CBE36F100ED42F1</key>
		<dict>
			<key>fileEncoding</key>
			<string>4</string>
			<key>isa</key>
			<string>PBXFileReference</string>
			<key>lastKnownFileType</key>
			<string>sourcecode.c.objc</string>
			<key>path</key>
			<string>UINavigationController+TFCore.m</string>
			<key>sourceTree</key>
			<string>&lt;group&gt;</string>
		</dict>
		<key>B0D5EA2E1CBE36F100ED42F1</key>
		<dict>
			<key>fileRef</key>
			<string>B0D5EA2D1CBE36F100ED42F1</string>
			<key>isa</key>
			<string>PBXBuildFile</string>
		</dict>
		<key>B0DA371E1CC5C38A000F6683</key>
		<dict>
			<key>fileEncoding</key>
			<string>4</string>
			<key>isa</key>
			<string>PBXFileReference</string>
			<key>lastKnownFileType</key>
			<string>sourcecode.c.h</string>
			<key>path</key>
			<string>TFValidateUtility.h</string>
			<key>sourceTree</key>
			<string>&lt;group&gt;</string>
		</dict>
		<key>B0DA371F1CC5C38A000F6683</key>
		<dict>
			<key>fileEncoding</key>
			<string>4</string>
			<key>isa</key>
			<string>PBXFileReference</string>
			<key>lastKnownFileType</key>
			<string>sourcecode.c.objc</string>
			<key>path</key>
			<string>TFValidateUtility.m</string>
			<key>sourceTree</key>
			<string>&lt;group&gt;</string>
		</dict>
		<key>B0DA37201CC5C38A000F6683</key>
		<dict>
			<key>fileRef</key>
			<string>B0DA371F1CC5C38A000F6683</string>
			<key>isa</key>
			<string>PBXBuildFile</string>
		</dict>
		<key>B0E82F941CB9EE0200655B66</key>
		<dict>
			<key>fileEncoding</key>
			<string>4</string>
			<key>isa</key>
			<string>PBXFileReference</string>
			<key>lastKnownFileType</key>
			<string>sourcecode.c.h</string>
			<key>path</key>
			<string>UIAlertController+TFCore.h</string>
			<key>sourceTree</key>
			<string>&lt;group&gt;</string>
		</dict>
		<key>B0E82F951CB9EE0200655B66</key>
		<dict>
			<key>fileEncoding</key>
			<string>4</string>
			<key>isa</key>
			<string>PBXFileReference</string>
			<key>lastKnownFileType</key>
			<string>sourcecode.c.objc</string>
			<key>path</key>
			<string>UIAlertController+TFCore.m</string>
			<key>sourceTree</key>
			<string>&lt;group&gt;</string>
		</dict>
		<key>B0E82F961CB9EE0200655B66</key>
		<dict>
			<key>fileRef</key>
			<string>B0E82F951CB9EE0200655B66</string>
			<key>isa</key>
			<string>PBXBuildFile</string>
		</dict>
		<key>B0E82F971CB9EE9A00655B66</key>
		<dict>
			<key>fileEncoding</key>
			<string>4</string>
			<key>isa</key>
			<string>PBXFileReference</string>
			<key>lastKnownFileType</key>
			<string>sourcecode.c.h</string>
			<key>path</key>
			<string>TFCGUtilities.h</string>
			<key>sourceTree</key>
			<string>&lt;group&gt;</string>
		</dict>
		<key>B0E82F981CB9EE9A00655B66</key>
		<dict>
			<key>fileEncoding</key>
			<string>4</string>
			<key>isa</key>
			<string>PBXFileReference</string>
			<key>lastKnownFileType</key>
			<string>sourcecode.c.objc</string>
			<key>path</key>
			<string>TFCGUtilities.m</string>
			<key>sourceTree</key>
			<string>&lt;group&gt;</string>
		</dict>
		<key>B0E82F991CB9EE9A00655B66</key>
		<dict>
			<key>fileRef</key>
			<string>B0E82F981CB9EE9A00655B66</string>
			<key>isa</key>
			<string>PBXBuildFile</string>
		</dict>
		<key>B0E82F9A1CB9EF6100655B66</key>
		<dict>
			<key>fileEncoding</key>
			<string>4</string>
			<key>isa</key>
			<string>PBXFileReference</string>
			<key>lastKnownFileType</key>
			<string>sourcecode.c.h</string>
			<key>path</key>
			<string>UIApplication+TFCore.h</string>
			<key>sourceTree</key>
			<string>&lt;group&gt;</string>
		</dict>
		<key>B0E82F9B1CB9EF6100655B66</key>
		<dict>
			<key>fileEncoding</key>
			<string>4</string>
			<key>isa</key>
			<string>PBXFileReference</string>
			<key>lastKnownFileType</key>
			<string>sourcecode.c.objc</string>
			<key>path</key>
			<string>UIApplication+TFCore.m</string>
			<key>sourceTree</key>
			<string>&lt;group&gt;</string>
		</dict>
		<key>B0E82F9C1CB9EF6100655B66</key>
		<dict>
			<key>fileRef</key>
			<string>B0E82F9B1CB9EF6100655B66</string>
			<key>isa</key>
			<string>PBXBuildFile</string>
		</dict>
		<key>B0E82F9D1CB9EFE800655B66</key>
		<dict>
			<key>fileEncoding</key>
			<string>4</string>
			<key>isa</key>
			<string>PBXFileReference</string>
			<key>lastKnownFileType</key>
			<string>sourcecode.c.h</string>
			<key>path</key>
			<string>UIView+TFCore.h</string>
			<key>sourceTree</key>
			<string>&lt;group&gt;</string>
		</dict>
		<key>B0E82F9E1CB9EFE800655B66</key>
		<dict>
			<key>fileEncoding</key>
			<string>4</string>
			<key>isa</key>
			<string>PBXFileReference</string>
			<key>lastKnownFileType</key>
			<string>sourcecode.c.objc</string>
			<key>path</key>
			<string>UIView+TFCore.m</string>
			<key>sourceTree</key>
			<string>&lt;group&gt;</string>
		</dict>
		<key>B0E82F9F1CB9EFE800655B66</key>
		<dict>
			<key>fileRef</key>
			<string>B0E82F9E1CB9EFE800655B66</string>
			<key>isa</key>
			<string>PBXBuildFile</string>
		</dict>
		<key>B0E82FA01CB9F14000655B66</key>
		<dict>
			<key>children</key>
			<array>
				<string>C46D84B81D5334B2009F65AF</string>
				<string>C46D84B91D5334B2009F65AF</string>
				<string>B0E82FA11CB9F15300655B66</string>
				<string>B0E82FA21CB9F15300655B66</string>
				<string>B0E82FA41CB9F16500655B66</string>
				<string>B0E82FA51CB9F16500655B66</string>
				<string>B0E82FD51CBA1F0300655B66</string>
				<string>B0E82FD61CBA1F0300655B66</string>
				<string>B0E82FD91CBA236000655B66</string>
				<string>B0E82FDA1CBA236000655B66</string>
			</array>
			<key>isa</key>
			<string>PBXGroup</string>
			<key>path</key>
			<string>UIViewController</string>
			<key>sourceTree</key>
			<string>&lt;group&gt;</string>
		</dict>
		<key>B0E82FA11CB9F15300655B66</key>
		<dict>
			<key>fileEncoding</key>
			<string>4</string>
			<key>isa</key>
			<string>PBXFileReference</string>
			<key>lastKnownFileType</key>
			<string>sourcecode.c.h</string>
			<key>path</key>
			<string>TFViewController.h</string>
			<key>sourceTree</key>
			<string>&lt;group&gt;</string>
		</dict>
		<key>B0E82FA21CB9F15300655B66</key>
		<dict>
			<key>fileEncoding</key>
			<string>4</string>
			<key>isa</key>
			<string>PBXFileReference</string>
			<key>lastKnownFileType</key>
			<string>sourcecode.c.objc</string>
			<key>path</key>
			<string>TFViewController.m</string>
			<key>sourceTree</key>
			<string>&lt;group&gt;</string>
		</dict>
		<key>B0E82FA31CB9F15300655B66</key>
		<dict>
			<key>fileRef</key>
			<string>B0E82FA21CB9F15300655B66</string>
			<key>isa</key>
			<string>PBXBuildFile</string>
		</dict>
		<key>B0E82FA41CB9F16500655B66</key>
		<dict>
			<key>fileEncoding</key>
			<string>4</string>
			<key>isa</key>
			<string>PBXFileReference</string>
			<key>lastKnownFileType</key>
			<string>sourcecode.c.h</string>
			<key>path</key>
			<string>TFTableViewController.h</string>
			<key>sourceTree</key>
			<string>&lt;group&gt;</string>
		</dict>
		<key>B0E82FA51CB9F16500655B66</key>
		<dict>
			<key>fileEncoding</key>
			<string>4</string>
			<key>isa</key>
			<string>PBXFileReference</string>
			<key>lastKnownFileType</key>
			<string>sourcecode.c.objc</string>
			<key>path</key>
			<string>TFTableViewController.m</string>
			<key>sourceTree</key>
			<string>&lt;group&gt;</string>
		</dict>
		<key>B0E82FA61CB9F16500655B66</key>
		<dict>
			<key>fileRef</key>
			<string>B0E82FA51CB9F16500655B66</string>
			<key>isa</key>
			<string>PBXBuildFile</string>
		</dict>
		<key>B0E82FA71CB9F17300655B66</key>
		<dict>
			<key>children</key>
			<array>
				<string>C46D84AF1D5334AB009F65AF</string>
				<string>C46D84B01D5334AB009F65AF</string>
				<string>C46D84B11D5334AB009F65AF</string>
				<string>C46D84B21D5334AB009F65AF</string>
				<string>C46D84B31D5334AB009F65AF</string>
				<string>C46D84B41D5334AB009F65AF</string>
				<string>B048604A1CBB471B00DE6770</string>
				<string>B048604B1CBB471B00DE6770</string>
				<string>B04860561CBB820C00DE6770</string>
				<string>B04860571CBB820C00DE6770</string>
				<string>C4EA330C1D86929000A18336</string>
				<string>C4EA330D1D86929000A18336</string>
			</array>
			<key>isa</key>
			<string>PBXGroup</string>
			<key>path</key>
			<string>UIView</string>
			<key>sourceTree</key>
			<string>&lt;group&gt;</string>
		</dict>
		<key>B0E82FA81CB9F1AD00655B66</key>
		<dict>
			<key>fileEncoding</key>
			<string>4</string>
			<key>isa</key>
			<string>PBXFileReference</string>
			<key>lastKnownFileType</key>
			<string>sourcecode.c.h</string>
			<key>path</key>
			<string>UIBarButtonItem+TFCore.h</string>
			<key>sourceTree</key>
			<string>&lt;group&gt;</string>
		</dict>
		<key>B0E82FA91CB9F1AD00655B66</key>
		<dict>
			<key>fileEncoding</key>
			<string>4</string>
			<key>isa</key>
			<string>PBXFileReference</string>
			<key>lastKnownFileType</key>
			<string>sourcecode.c.objc</string>
			<key>path</key>
			<string>UIBarButtonItem+TFCore.m</string>
			<key>sourceTree</key>
			<string>&lt;group&gt;</string>
		</dict>
		<key>B0E82FAA1CB9F1AD00655B66</key>
		<dict>
			<key>fileRef</key>
			<string>B0E82FA91CB9F1AD00655B66</string>
			<key>isa</key>
			<string>PBXBuildFile</string>
		</dict>
		<key>B0E82FAB1CB9F22000655B66</key>
		<dict>
			<key>fileEncoding</key>
			<string>4</string>
			<key>isa</key>
			<string>PBXFileReference</string>
			<key>lastKnownFileType</key>
			<string>sourcecode.c.h</string>
			<key>path</key>
			<string>UIBezierPath+TFCore.h</string>
			<key>sourceTree</key>
			<string>&lt;group&gt;</string>
		</dict>
		<key>B0E82FAC1CB9F22000655B66</key>
		<dict>
			<key>fileEncoding</key>
			<string>4</string>
			<key>isa</key>
			<string>PBXFileReference</string>
			<key>lastKnownFileType</key>
			<string>sourcecode.c.objc</string>
			<key>path</key>
			<string>UIBezierPath+TFCore.m</string>
			<key>sourceTree</key>
			<string>&lt;group&gt;</string>
		</dict>
		<key>B0E82FAD1CB9F22000655B66</key>
		<dict>
			<key>fileRef</key>
			<string>B0E82FAC1CB9F22000655B66</string>
			<key>isa</key>
			<string>PBXBuildFile</string>
		</dict>
		<key>B0E82FAE1CB9F27E00655B66</key>
		<dict>
			<key>fileEncoding</key>
			<string>4</string>
			<key>isa</key>
			<string>PBXFileReference</string>
			<key>lastKnownFileType</key>
			<string>sourcecode.c.h</string>
			<key>path</key>
			<string>UIColor+TFCore.h</string>
			<key>sourceTree</key>
			<string>&lt;group&gt;</string>
		</dict>
		<key>B0E82FAF1CB9F27E00655B66</key>
		<dict>
			<key>fileEncoding</key>
			<string>4</string>
			<key>isa</key>
			<string>PBXFileReference</string>
			<key>lastKnownFileType</key>
			<string>sourcecode.c.objc</string>
			<key>path</key>
			<string>UIColor+TFCore.m</string>
			<key>sourceTree</key>
			<string>&lt;group&gt;</string>
		</dict>
		<key>B0E82FB01CB9F27E00655B66</key>
		<dict>
			<key>fileRef</key>
			<string>B0E82FAF1CB9F27E00655B66</string>
			<key>isa</key>
			<string>PBXBuildFile</string>
		</dict>
		<key>B0E82FB11CB9F3B100655B66</key>
		<dict>
			<key>fileEncoding</key>
			<string>4</string>
			<key>isa</key>
			<string>PBXFileReference</string>
			<key>lastKnownFileType</key>
			<string>sourcecode.c.h</string>
			<key>path</key>
			<string>UIControl+TFCore.h</string>
			<key>sourceTree</key>
			<string>&lt;group&gt;</string>
		</dict>
		<key>B0E82FB21CB9F3B100655B66</key>
		<dict>
			<key>fileEncoding</key>
			<string>4</string>
			<key>isa</key>
			<string>PBXFileReference</string>
			<key>lastKnownFileType</key>
			<string>sourcecode.c.objc</string>
			<key>path</key>
			<string>UIControl+TFCore.m</string>
			<key>sourceTree</key>
			<string>&lt;group&gt;</string>
		</dict>
		<key>B0E82FB31CB9F3B100655B66</key>
		<dict>
			<key>fileRef</key>
			<string>B0E82FB21CB9F3B100655B66</string>
			<key>isa</key>
			<string>PBXBuildFile</string>
		</dict>
		<key>B0E82FB41CB9F42500655B66</key>
		<dict>
			<key>fileEncoding</key>
			<string>4</string>
			<key>isa</key>
			<string>PBXFileReference</string>
			<key>lastKnownFileType</key>
			<string>sourcecode.c.h</string>
			<key>path</key>
			<string>UIFont+TFCore.h</string>
			<key>sourceTree</key>
			<string>&lt;group&gt;</string>
		</dict>
		<key>B0E82FB51CB9F42500655B66</key>
		<dict>
			<key>fileEncoding</key>
			<string>4</string>
			<key>isa</key>
			<string>PBXFileReference</string>
			<key>lastKnownFileType</key>
			<string>sourcecode.c.objc</string>
			<key>path</key>
			<string>UIFont+TFCore.m</string>
			<key>sourceTree</key>
			<string>&lt;group&gt;</string>
		</dict>
		<key>B0E82FB61CB9F42500655B66</key>
		<dict>
			<key>fileRef</key>
			<string>B0E82FB51CB9F42500655B66</string>
			<key>isa</key>
			<string>PBXBuildFile</string>
		</dict>
		<key>B0E82FB71CB9F53600655B66</key>
		<dict>
			<key>fileEncoding</key>
			<string>4</string>
			<key>isa</key>
			<string>PBXFileReference</string>
			<key>lastKnownFileType</key>
			<string>sourcecode.c.h</string>
			<key>path</key>
			<string>UIGestureRecognizer+TFCore.h</string>
			<key>sourceTree</key>
			<string>&lt;group&gt;</string>
		</dict>
		<key>B0E82FB81CB9F53600655B66</key>
		<dict>
			<key>fileEncoding</key>
			<string>4</string>
			<key>isa</key>
			<string>PBXFileReference</string>
			<key>lastKnownFileType</key>
			<string>sourcecode.c.objc</string>
			<key>path</key>
			<string>UIGestureRecognizer+TFCore.m</string>
			<key>sourceTree</key>
			<string>&lt;group&gt;</string>
		</dict>
		<key>B0E82FB91CB9F53600655B66</key>
		<dict>
			<key>fileRef</key>
			<string>B0E82FB81CB9F53600655B66</string>
			<key>isa</key>
			<string>PBXBuildFile</string>
		</dict>
		<key>B0E82FBA1CB9F59B00655B66</key>
		<dict>
			<key>fileEncoding</key>
			<string>4</string>
			<key>isa</key>
			<string>PBXFileReference</string>
			<key>lastKnownFileType</key>
			<string>sourcecode.c.h</string>
			<key>path</key>
			<string>UIImage+TFCore.h</string>
			<key>sourceTree</key>
			<string>&lt;group&gt;</string>
		</dict>
		<key>B0E82FBB1CB9F59B00655B66</key>
		<dict>
			<key>fileEncoding</key>
			<string>4</string>
			<key>isa</key>
			<string>PBXFileReference</string>
			<key>lastKnownFileType</key>
			<string>sourcecode.c.objc</string>
			<key>path</key>
			<string>UIImage+TFCore.m</string>
			<key>sourceTree</key>
			<string>&lt;group&gt;</string>
		</dict>
		<key>B0E82FBC1CB9F59B00655B66</key>
		<dict>
			<key>fileRef</key>
			<string>B0E82FBB1CB9F59B00655B66</string>
			<key>isa</key>
			<string>PBXBuildFile</string>
		</dict>
		<key>B0E82FBD1CB9F6D900655B66</key>
		<dict>
			<key>fileEncoding</key>
			<string>4</string>
			<key>isa</key>
			<string>PBXFileReference</string>
			<key>lastKnownFileType</key>
			<string>sourcecode.c.h</string>
			<key>path</key>
			<string>UIScreen+TFCore.h</string>
			<key>sourceTree</key>
			<string>&lt;group&gt;</string>
		</dict>
		<key>B0E82FBE1CB9F6D900655B66</key>
		<dict>
			<key>fileEncoding</key>
			<string>4</string>
			<key>isa</key>
			<string>PBXFileReference</string>
			<key>lastKnownFileType</key>
			<string>sourcecode.c.objc</string>
			<key>path</key>
			<string>UIScreen+TFCore.m</string>
			<key>sourceTree</key>
			<string>&lt;group&gt;</string>
		</dict>
		<key>B0E82FBF1CB9F6D900655B66</key>
		<dict>
			<key>fileRef</key>
			<string>B0E82FBE1CB9F6D900655B66</string>
			<key>isa</key>
			<string>PBXBuildFile</string>
		</dict>
		<key>B0E82FC01CB9F7A600655B66</key>
		<dict>
			<key>fileEncoding</key>
			<string>4</string>
			<key>isa</key>
			<string>PBXFileReference</string>
			<key>lastKnownFileType</key>
			<string>sourcecode.c.h</string>
			<key>path</key>
			<string>UIScrollView+TFCore.h</string>
			<key>sourceTree</key>
			<string>&lt;group&gt;</string>
		</dict>
		<key>B0E82FC11CB9F7A600655B66</key>
		<dict>
			<key>fileEncoding</key>
			<string>4</string>
			<key>isa</key>
			<string>PBXFileReference</string>
			<key>lastKnownFileType</key>
			<string>sourcecode.c.objc</string>
			<key>path</key>
			<string>UIScrollView+TFCore.m</string>
			<key>sourceTree</key>
			<string>&lt;group&gt;</string>
		</dict>
		<key>B0E82FC21CB9F7A600655B66</key>
		<dict>
			<key>fileRef</key>
			<string>B0E82FC11CB9F7A600655B66</string>
			<key>isa</key>
			<string>PBXBuildFile</string>
		</dict>
		<key>B0E82FC31CB9F7E200655B66</key>
		<dict>
			<key>fileEncoding</key>
			<string>4</string>
			<key>isa</key>
			<string>PBXFileReference</string>
			<key>lastKnownFileType</key>
			<string>sourcecode.c.h</string>
			<key>path</key>
			<string>UITableView+TFCore.h</string>
			<key>sourceTree</key>
			<string>&lt;group&gt;</string>
		</dict>
		<key>B0E82FC41CB9F7E200655B66</key>
		<dict>
			<key>fileEncoding</key>
			<string>4</string>
			<key>isa</key>
			<string>PBXFileReference</string>
			<key>lastKnownFileType</key>
			<string>sourcecode.c.objc</string>
			<key>path</key>
			<string>UITableView+TFCore.m</string>
			<key>sourceTree</key>
			<string>&lt;group&gt;</string>
		</dict>
		<key>B0E82FC51CB9F7E200655B66</key>
		<dict>
			<key>fileRef</key>
			<string>B0E82FC41CB9F7E200655B66</string>
			<key>isa</key>
			<string>PBXBuildFile</string>
		</dict>
		<key>B0E82FC61CB9F84100655B66</key>
		<dict>
			<key>fileEncoding</key>
			<string>4</string>
			<key>isa</key>
			<string>PBXFileReference</string>
			<key>lastKnownFileType</key>
			<string>sourcecode.c.h</string>
			<key>path</key>
			<string>UITextField+TFCore.h</string>
			<key>sourceTree</key>
			<string>&lt;group&gt;</string>
		</dict>
		<key>B0E82FC71CB9F84100655B66</key>
		<dict>
			<key>fileEncoding</key>
			<string>4</string>
			<key>isa</key>
			<string>PBXFileReference</string>
			<key>lastKnownFileType</key>
			<string>sourcecode.c.objc</string>
			<key>path</key>
			<string>UITextField+TFCore.m</string>
			<key>sourceTree</key>
			<string>&lt;group&gt;</string>
		</dict>
		<key>B0E82FC81CB9F84100655B66</key>
		<dict>
			<key>fileRef</key>
			<string>B0E82FC71CB9F84100655B66</string>
			<key>isa</key>
			<string>PBXBuildFile</string>
		</dict>
		<key>B0E82FC91CBA1BBB00655B66</key>
		<dict>
			<key>children</key>
			<array>
				<string>B0E82FCA1CBA1BD100655B66</string>
				<string>B0E82FCB1CBA1BD100655B66</string>
				<string>B0E82FCD1CBA1D6500655B66</string>
				<string>B0E82FCE1CBA1D6500655B66</string>
			</array>
			<key>isa</key>
			<string>PBXGroup</string>
			<key>path</key>
			<string>Style</string>
			<key>sourceTree</key>
			<string>&lt;group&gt;</string>
		</dict>
		<key>B0E82FCA1CBA1BD100655B66</key>
		<dict>
			<key>fileEncoding</key>
			<string>4</string>
			<key>isa</key>
			<string>PBXFileReference</string>
			<key>lastKnownFileType</key>
			<string>sourcecode.c.h</string>
			<key>path</key>
			<string>TFStyle.h</string>
			<key>sourceTree</key>
			<string>&lt;group&gt;</string>
		</dict>
		<key>B0E82FCB1CBA1BD100655B66</key>
		<dict>
			<key>fileEncoding</key>
			<string>4</string>
			<key>isa</key>
			<string>PBXFileReference</string>
			<key>lastKnownFileType</key>
			<string>sourcecode.c.objc</string>
			<key>path</key>
			<string>TFStyle.m</string>
			<key>sourceTree</key>
			<string>&lt;group&gt;</string>
		</dict>
		<key>B0E82FCC1CBA1BD100655B66</key>
		<dict>
			<key>fileRef</key>
			<string>B0E82FCB1CBA1BD100655B66</string>
			<key>isa</key>
			<string>PBXBuildFile</string>
		</dict>
		<key>B0E82FCD1CBA1D6500655B66</key>
		<dict>
			<key>fileEncoding</key>
			<string>4</string>
			<key>isa</key>
			<string>PBXFileReference</string>
			<key>lastKnownFileType</key>
			<string>sourcecode.c.h</string>
			<key>path</key>
			<string>TFDefaultStyle.h</string>
			<key>sourceTree</key>
			<string>&lt;group&gt;</string>
		</dict>
		<key>B0E82FCE1CBA1D6500655B66</key>
		<dict>
			<key>fileEncoding</key>
			<string>4</string>
			<key>isa</key>
			<string>PBXFileReference</string>
			<key>lastKnownFileType</key>
			<string>sourcecode.c.objc</string>
			<key>path</key>
			<string>TFDefaultStyle.m</string>
			<key>sourceTree</key>
			<string>&lt;group&gt;</string>
		</dict>
		<key>B0E82FCF1CBA1D6500655B66</key>
		<dict>
			<key>fileRef</key>
			<string>B0E82FCE1CBA1D6500655B66</string>
			<key>isa</key>
			<string>PBXBuildFile</string>
		</dict>
		<key>B0E82FD31CBA1DC600655B66</key>
		<dict>
			<key>fileEncoding</key>
			<string>4</string>
			<key>isa</key>
			<string>PBXFileReference</string>
			<key>lastKnownFileType</key>
			<string>sourcecode.c.objc</string>
			<key>path</key>
			<string>TFCoreFoundationMacro.m</string>
			<key>sourceTree</key>
			<string>&lt;group&gt;</string>
		</dict>
		<key>B0E82FD41CBA1DC600655B66</key>
		<dict>
			<key>fileRef</key>
			<string>B0E82FD31CBA1DC600655B66</string>
			<key>isa</key>
			<string>PBXBuildFile</string>
		</dict>
		<key>B0E82FD51CBA1F0300655B66</key>
		<dict>
			<key>fileEncoding</key>
			<string>4</string>
			<key>isa</key>
			<string>PBXFileReference</string>
			<key>lastKnownFileType</key>
			<string>sourcecode.c.h</string>
			<key>path</key>
			<string>TFWebViewController.h</string>
			<key>sourceTree</key>
			<string>&lt;group&gt;</string>
		</dict>
		<key>B0E82FD61CBA1F0300655B66</key>
		<dict>
			<key>fileEncoding</key>
			<string>4</string>
			<key>isa</key>
			<string>PBXFileReference</string>
			<key>lastKnownFileType</key>
			<string>sourcecode.c.objc</string>
			<key>path</key>
			<string>TFWebViewController.m</string>
			<key>sourceTree</key>
			<string>&lt;group&gt;</string>
		</dict>
		<key>B0E82FD71CBA1F0300655B66</key>
		<dict>
			<key>fileRef</key>
			<string>B0E82FD61CBA1F0300655B66</string>
			<key>isa</key>
			<string>PBXBuildFile</string>
		</dict>
		<key>B0E82FD91CBA236000655B66</key>
		<dict>
			<key>fileEncoding</key>
			<string>4</string>
			<key>isa</key>
			<string>PBXFileReference</string>
			<key>lastKnownFileType</key>
			<string>sourcecode.c.h</string>
			<key>path</key>
			<string>TFNavigationController.h</string>
			<key>sourceTree</key>
			<string>&lt;group&gt;</string>
		</dict>
		<key>B0E82FDA1CBA236000655B66</key>
		<dict>
			<key>fileEncoding</key>
			<string>4</string>
			<key>isa</key>
			<string>PBXFileReference</string>
			<key>lastKnownFileType</key>
			<string>sourcecode.c.objc</string>
			<key>path</key>
			<string>TFNavigationController.m</string>
			<key>sourceTree</key>
			<string>&lt;group&gt;</string>
		</dict>
		<key>B0E82FDB1CBA236000655B66</key>
		<dict>
			<key>fileRef</key>
			<string>B0E82FDA1CBA236000655B66</string>
			<key>isa</key>
			<string>PBXBuildFile</string>
		</dict>
		<key>B0E82FDC1CBA238400655B66</key>
		<dict>
			<key>fileEncoding</key>
			<string>4</string>
			<key>isa</key>
			<string>PBXFileReference</string>
			<key>lastKnownFileType</key>
			<string>sourcecode.c.h</string>
			<key>path</key>
			<string>UIWebView+TFCore.h</string>
			<key>sourceTree</key>
			<string>&lt;group&gt;</string>
		</dict>
		<key>B0E82FDD1CBA238400655B66</key>
		<dict>
			<key>fileEncoding</key>
			<string>4</string>
			<key>isa</key>
			<string>PBXFileReference</string>
			<key>lastKnownFileType</key>
			<string>sourcecode.c.objc</string>
			<key>path</key>
			<string>UIWebView+TFCore.m</string>
			<key>sourceTree</key>
			<string>&lt;group&gt;</string>
		</dict>
		<key>B0E82FDE1CBA238400655B66</key>
		<dict>
			<key>fileRef</key>
			<string>B0E82FDD1CBA238400655B66</string>
			<key>isa</key>
			<string>PBXBuildFile</string>
		</dict>
		<key>B0E82FDF1CBA23D700655B66</key>
		<dict>
			<key>fileEncoding</key>
			<string>4</string>
			<key>isa</key>
			<string>PBXFileReference</string>
			<key>lastKnownFileType</key>
			<string>sourcecode.c.h</string>
			<key>path</key>
			<string>UIViewController+TFCore.h</string>
			<key>sourceTree</key>
			<string>&lt;group&gt;</string>
		</dict>
		<key>B0E82FE01CBA23D700655B66</key>
		<dict>
			<key>fileEncoding</key>
			<string>4</string>
			<key>isa</key>
			<string>PBXFileReference</string>
			<key>lastKnownFileType</key>
			<string>sourcecode.c.objc</string>
			<key>path</key>
			<string>UIViewController+TFCore.m</string>
			<key>sourceTree</key>
			<string>&lt;group&gt;</string>
		</dict>
		<key>B0E82FE11CBA23D700655B66</key>
		<dict>
			<key>fileRef</key>
			<string>B0E82FE01CBA23D700655B66</string>
			<key>isa</key>
			<string>PBXBuildFile</string>
		</dict>
		<key>C2C410497EABAA57FF0CF1DA</key>
		<dict>
			<key>buildActionMask</key>
			<string>2147483647</string>
			<key>files</key>
			<array/>
			<key>inputPaths</key>
			<array/>
			<key>isa</key>
			<string>PBXShellScriptBuildPhase</string>
			<key>name</key>
			<string>[CP] Check Pods Manifest.lock</string>
			<key>outputPaths</key>
			<array/>
			<key>runOnlyForDeploymentPostprocessing</key>
			<string>0</string>
			<key>shellPath</key>
			<string>/bin/sh</string>
			<key>shellScript</key>
			<string>diff "${PODS_ROOT}/../Podfile.lock" "${PODS_ROOT}/Manifest.lock" &gt; /dev/null
if [[ $? != 0 ]] ; then
    cat &lt;&lt; EOM
error: The sandbox is not in sync with the Podfile.lock. Run 'pod install' or update your CocoaPods installation.
EOM
    exit 1
fi
</string>
			<key>showEnvVarsInLog</key>
			<string>0</string>
		</dict>
		<key>C46D84AF1D5334AB009F65AF</key>
		<dict>
			<key>fileEncoding</key>
			<string>4</string>
			<key>isa</key>
			<string>PBXFileReference</string>
			<key>lastKnownFileType</key>
			<string>sourcecode.c.h</string>
			<key>path</key>
			<string>TFSegmentView.h</string>
			<key>sourceTree</key>
			<string>&lt;group&gt;</string>
		</dict>
		<key>C46D84B01D5334AB009F65AF</key>
		<dict>
			<key>fileEncoding</key>
			<string>4</string>
			<key>isa</key>
			<string>PBXFileReference</string>
			<key>lastKnownFileType</key>
			<string>sourcecode.c.objc</string>
			<key>path</key>
			<string>TFSegmentView.m</string>
			<key>sourceTree</key>
			<string>&lt;group&gt;</string>
		</dict>
		<key>C46D84B11D5334AB009F65AF</key>
		<dict>
			<key>fileEncoding</key>
			<string>4</string>
			<key>isa</key>
			<string>PBXFileReference</string>
			<key>lastKnownFileType</key>
			<string>sourcecode.c.h</string>
			<key>path</key>
			<string>TFSegmentViewTitleCell.h</string>
			<key>sourceTree</key>
			<string>&lt;group&gt;</string>
		</dict>
		<key>C46D84B21D5334AB009F65AF</key>
		<dict>
			<key>fileEncoding</key>
			<string>4</string>
			<key>isa</key>
			<string>PBXFileReference</string>
			<key>lastKnownFileType</key>
			<string>sourcecode.c.objc</string>
			<key>path</key>
			<string>TFSegmentViewTitleCell.m</string>
			<key>sourceTree</key>
			<string>&lt;group&gt;</string>
		</dict>
		<key>C46D84B31D5334AB009F65AF</key>
		<dict>
			<key>fileEncoding</key>
			<string>4</string>
			<key>isa</key>
			<string>PBXFileReference</string>
			<key>lastKnownFileType</key>
			<string>sourcecode.c.h</string>
			<key>path</key>
			<string>TFViewControllerPageNode.h</string>
			<key>sourceTree</key>
			<string>&lt;group&gt;</string>
		</dict>
		<key>C46D84B41D5334AB009F65AF</key>
		<dict>
			<key>fileEncoding</key>
			<string>4</string>
			<key>isa</key>
			<string>PBXFileReference</string>
			<key>lastKnownFileType</key>
			<string>sourcecode.c.objc</string>
			<key>path</key>
			<string>TFViewControllerPageNode.m</string>
			<key>sourceTree</key>
			<string>&lt;group&gt;</string>
		</dict>
		<key>C46D84B51D5334AB009F65AF</key>
		<dict>
			<key>fileRef</key>
			<string>C46D84B01D5334AB009F65AF</string>
			<key>isa</key>
			<string>PBXBuildFile</string>
		</dict>
		<key>C46D84B61D5334AB009F65AF</key>
		<dict>
			<key>fileRef</key>
			<string>C46D84B21D5334AB009F65AF</string>
			<key>isa</key>
			<string>PBXBuildFile</string>
		</dict>
		<key>C46D84B71D5334AB009F65AF</key>
		<dict>
			<key>fileRef</key>
			<string>C46D84B41D5334AB009F65AF</string>
			<key>isa</key>
			<string>PBXBuildFile</string>
		</dict>
		<key>C46D84B81D5334B2009F65AF</key>
		<dict>
			<key>fileEncoding</key>
			<string>4</string>
			<key>isa</key>
			<string>PBXFileReference</string>
			<key>lastKnownFileType</key>
			<string>sourcecode.c.h</string>
			<key>path</key>
			<string>TFPageViewController.h</string>
			<key>sourceTree</key>
			<string>&lt;group&gt;</string>
		</dict>
		<key>C46D84B91D5334B2009F65AF</key>
		<dict>
			<key>fileEncoding</key>
			<string>4</string>
			<key>isa</key>
			<string>PBXFileReference</string>
			<key>lastKnownFileType</key>
			<string>sourcecode.c.objc</string>
			<key>path</key>
			<string>TFPageViewController.m</string>
			<key>sourceTree</key>
			<string>&lt;group&gt;</string>
		</dict>
		<key>C46D84BA1D5334B2009F65AF</key>
		<dict>
			<key>fileRef</key>
			<string>C46D84B91D5334B2009F65AF</string>
			<key>isa</key>
			<string>PBXBuildFile</string>
		</dict>
		<key>C4EA330C1D86929000A18336</key>
		<dict>
			<key>fileEncoding</key>
			<string>4</string>
			<key>isa</key>
			<string>PBXFileReference</string>
			<key>lastKnownFileType</key>
			<string>sourcecode.c.h</string>
			<key>path</key>
			<string>TFEmptyDataSetView.h</string>
			<key>sourceTree</key>
			<string>&lt;group&gt;</string>
		</dict>
		<key>C4EA330D1D86929000A18336</key>
		<dict>
			<key>fileEncoding</key>
			<string>4</string>
			<key>isa</key>
			<string>PBXFileReference</string>
			<key>lastKnownFileType</key>
			<string>sourcecode.c.objc</string>
			<key>path</key>
			<string>TFEmptyDataSetView.m</string>
			<key>sourceTree</key>
			<string>&lt;group&gt;</string>
		</dict>
		<key>C4EA330E1D86929000A18336</key>
		<dict>
			<key>fileRef</key>
			<string>C4EA330D1D86929000A18336</string>
			<key>isa</key>
			<string>PBXBuildFile</string>
		</dict>
		<key>C4EA330F1D8697CC00A18336</key>
		<dict>
			<key>fileEncoding</key>
			<string>4</string>
			<key>isa</key>
			<string>PBXFileReference</string>
			<key>lastKnownFileType</key>
			<string>sourcecode.c.h</string>
			<key>path</key>
			<string>UIView+EmptyDataSet.h</string>
			<key>sourceTree</key>
			<string>&lt;group&gt;</string>
		</dict>
		<key>C4EA33101D8697CC00A18336</key>
		<dict>
			<key>fileEncoding</key>
			<string>4</string>
			<key>isa</key>
			<string>PBXFileReference</string>
			<key>lastKnownFileType</key>
			<string>sourcecode.c.objc</string>
			<key>path</key>
			<string>UIView+EmptyDataSet.m</string>
			<key>sourceTree</key>
			<string>&lt;group&gt;</string>
		</dict>
		<key>C4EA33111D8697CC00A18336</key>
		<dict>
			<key>fileRef</key>
			<string>C4EA33101D8697CC00A18336</string>
			<key>isa</key>
			<string>PBXBuildFile</string>
		</dict>
		<key>C4EA33121D8697F800A18336</key>
		<dict>
			<key>fileEncoding</key>
			<string>4</string>
			<key>isa</key>
			<string>PBXFileReference</string>
			<key>lastKnownFileType</key>
			<string>sourcecode.c.h</string>
			<key>path</key>
			<string>UIViewController+EmptyState.h</string>
			<key>sourceTree</key>
			<string>&lt;group&gt;</string>
		</dict>
		<key>C4EA33131D8697F800A18336</key>
		<dict>
			<key>fileEncoding</key>
			<string>4</string>
			<key>isa</key>
			<string>PBXFileReference</string>
			<key>lastKnownFileType</key>
			<string>sourcecode.c.objc</string>
			<key>path</key>
			<string>UIViewController+EmptyState.m</string>
			<key>sourceTree</key>
			<string>&lt;group&gt;</string>
		</dict>
		<key>C4EA33141D8697F800A18336</key>
		<dict>
			<key>fileRef</key>
			<string>C4EA33131D8697F800A18336</string>
			<key>isa</key>
			<string>PBXBuildFile</string>
		</dict>
		<key>C8924AE191CF82B0A0DF3044</key>
		<dict>
			<key>includeInIndex</key>
			<string>1</string>
			<key>isa</key>
			<string>PBXFileReference</string>
			<key>lastKnownFileType</key>
			<string>text.xcconfig</string>
			<key>name</key>
			<string>Pods-TFCoreFoundation.debug.xcconfig</string>
			<key>path</key>
			<string>Pods/Target Support Files/Pods-TFCoreFoundation/Pods-TFCoreFoundation.debug.xcconfig</string>
			<key>sourceTree</key>
			<string>&lt;group&gt;</string>
		</dict>
		<key>DFF274BDDBC8DFE680F73F38</key>
		<dict>
			<key>buildActionMask</key>
			<string>2147483647</string>
			<key>files</key>
			<array/>
			<key>inputPaths</key>
			<array/>
			<key>isa</key>
			<string>PBXShellScriptBuildPhase</string>
			<key>name</key>
			<string>[CP] Copy Pods Resources</string>
			<key>outputPaths</key>
			<array/>
			<key>runOnlyForDeploymentPostprocessing</key>
			<string>0</string>
			<key>shellPath</key>
			<string>/bin/sh</string>
			<key>shellScript</key>
			<string>"${SRCROOT}/Pods/Target Support Files/Pods-TFCoreFoundation/Pods-TFCoreFoundation-resources.sh"
</string>
			<key>showEnvVarsInLog</key>
			<string>0</string>
		</dict>
		<key>EF9A1DB4F620DCD06F118A37</key>
		<dict>
			<key>includeInIndex</key>
			<string>1</string>
			<key>isa</key>
			<string>PBXFileReference</string>
			<key>lastKnownFileType</key>
			<string>text.xcconfig</string>
			<key>name</key>
			<string>Pods-TFCoreFoundation.release.xcconfig</string>
			<key>path</key>
			<string>Pods/Target Support Files/Pods-TFCoreFoundation/Pods-TFCoreFoundation.release.xcconfig</string>
			<key>sourceTree</key>
			<string>&lt;group&gt;</string>
		</dict>
	</dict>
	<key>rootObject</key>
	<string>B03ABED71CAB5AC4004067CA</string>
</dict>
</plist>
